// !$*UTF8*$!
{
	archiveVersion = 1;
	classes = {
	};
	objectVersion = 46;
	objects = {

/* Begin PBXBuildFile section */
		34C43F951B3BD7FE00A5D0DB /* main.m in Sources */ = {isa = PBXBuildFile; fileRef = 34C43F941B3BD7FE00A5D0DB /* main.m */; };
		34C43F981B3BD7FE00A5D0DB /* AppDelegate.m in Sources */ = {isa = PBXBuildFile; fileRef = 34C43F971B3BD7FE00A5D0DB /* AppDelegate.m */; };
		34C43F9A1B3BD7FE00A5D0DB /* Images.xcassets in Resources */ = {isa = PBXBuildFile; fileRef = 34C43F991B3BD7FE00A5D0DB /* Images.xcassets */; };
		34C43F9D1B3BD7FE00A5D0DB /* LaunchScreen.xib in Resources */ = {isa = PBXBuildFile; fileRef = 34C43F9B1B3BD7FE00A5D0DB /* LaunchScreen.xib */; };
		34C43FA91B3BD7FE00A5D0DB /* MONO_ATests.m in Sources */ = {isa = PBXBuildFile; fileRef = 34C43FA81B3BD7FE00A5D0DB /* MONO_ATests.m */; };
/* End PBXBuildFile section */

/* Begin PBXContainerItemProxy section */
		34C43FA31B3BD7FE00A5D0DB /* PBXContainerItemProxy */ = {
			isa = PBXContainerItemProxy;
			containerPortal = 34C43F871B3BD7FE00A5D0DB /* Project object */;
			proxyType = 1;
			remoteGlobalIDString = 34C43F8E1B3BD7FE00A5D0DB;
			remoteInfo = "MONO-A";
		};
/* End PBXContainerItemProxy section */

/* Begin PBXFileReference section */
		34C43F8F1B3BD7FE00A5D0DB /* MONO-A.app */ = {isa = PBXFileReference; explicitFileType = wrapper.application; includeInIndex = 0; path = "MONO-A.app"; sourceTree = BUILT_PRODUCTS_DIR; };
		34C43F931B3BD7FE00A5D0DB /* Info.plist */ = {isa = PBXFileReference; lastKnownFileType = text.plist.xml; path = Info.plist; sourceTree = "<group>"; };
		34C43F941B3BD7FE00A5D0DB /* main.m */ = {isa = PBXFileReference; lastKnownFileType = sourcecode.c.objc; path = main.m; sourceTree = "<group>"; };
		34C43F961B3BD7FE00A5D0DB /* AppDelegate.h */ = {isa = PBXFileReference; lastKnownFileType = sourcecode.c.h; path = AppDelegate.h; sourceTree = "<group>"; };
		34C43F971B3BD7FE00A5D0DB /* AppDelegate.m */ = {isa = PBXFileReference; lastKnownFileType = sourcecode.c.objc; path = AppDelegate.m; sourceTree = "<group>"; };
		34C43F991B3BD7FE00A5D0DB /* Images.xcassets */ = {isa = PBXFileReference; lastKnownFileType = folder.assetcatalog; path = Images.xcassets; sourceTree = "<group>"; };
		34C43F9C1B3BD7FE00A5D0DB /* Base */ = {isa = PBXFileReference; lastKnownFileType = file.xib; name = Base; path = Base.lproj/LaunchScreen.xib; sourceTree = "<group>"; };
		34C43FA21B3BD7FE00A5D0DB /* MONO-ATests.xctest */ = {isa = PBXFileReference; explicitFileType = wrapper.cfbundle; includeInIndex = 0; path = "MONO-ATests.xctest"; sourceTree = BUILT_PRODUCTS_DIR; };
		34C43FA71B3BD7FE00A5D0DB /* Info.plist */ = {isa = PBXFileReference; lastKnownFileType = text.plist.xml; path = Info.plist; sourceTree = "<group>"; };
		34C43FA81B3BD7FE00A5D0DB /* MONO_ATests.m */ = {isa = PBXFileReference; lastKnownFileType = sourcecode.c.objc; path = MONO_ATests.m; sourceTree = "<group>"; };
/* End PBXFileReference section */

/* Begin PBXFrameworksBuildPhase section */
		34C43F8C1B3BD7FE00A5D0DB /* Frameworks */ = {
			isa = PBXFrameworksBuildPhase;
			buildActionMask = 2147483647;
			files = (
			);
			runOnlyForDeploymentPostprocessing = 0;
		};
		34C43F9F1B3BD7FE00A5D0DB /* Frameworks */ = {
			isa = PBXFrameworksBuildPhase;
			buildActionMask = 2147483647;
			files = (
			);
			runOnlyForDeploymentPostprocessing = 0;
		};
/* End PBXFrameworksBuildPhase section */

/* Begin PBXGroup section */
		34C43F861B3BD7FE00A5D0DB = {
			isa = PBXGroup;
			children = (
				34C43F911B3BD7FE00A5D0DB /* MONO-A */,
				34C43FA51B3BD7FE00A5D0DB /* MONO-ATests */,
				34C43F901B3BD7FE00A5D0DB /* Products */,
			);
			sourceTree = "<group>";
		};
		34C43F901B3BD7FE00A5D0DB /* Products */ = {
			isa = PBXGroup;
			children = (
				34C43F8F1B3BD7FE00A5D0DB /* MONO-A.app */,
				34C43FA21B3BD7FE00A5D0DB /* MONO-ATests.xctest */,
			);
			name = Products;
			sourceTree = "<group>";
		};
		34C43F911B3BD7FE00A5D0DB /* MONO-A */ = {
			isa = PBXGroup;
			children = (
				34C43F961B3BD7FE00A5D0DB /* AppDelegate.h */,
				34C43F971B3BD7FE00A5D0DB /* AppDelegate.m */,
				34C43F991B3BD7FE00A5D0DB /* Images.xcassets */,
				34C43F9B1B3BD7FE00A5D0DB /* LaunchScreen.xib */,
				34C43F921B3BD7FE00A5D0DB /* Supporting Files */,
			);
			path = "MONO-A";
			sourceTree = "<group>";
		};
		34C43F921B3BD7FE00A5D0DB /* Supporting Files */ = {
			isa = PBXGroup;
			children = (
				34C43F931B3BD7FE00A5D0DB /* Info.plist */,
				34C43F941B3BD7FE00A5D0DB /* main.m */,
			);
			name = "Supporting Files";
			sourceTree = "<group>";
		};
		34C43FA51B3BD7FE00A5D0DB /* MONO-ATests */ = {
			isa = PBXGroup;
			children = (
				34C43FA81B3BD7FE00A5D0DB /* MONO_ATests.m */,
				34C43FA61B3BD7FE00A5D0DB /* Supporting Files */,
			);
			path = "MONO-ATests";
			sourceTree = "<group>";
		};
		34C43FA61B3BD7FE00A5D0DB /* Supporting Files */ = {
			isa = PBXGroup;
			children = (
				34C43FA71B3BD7FE00A5D0DB /* Info.plist */,
			);
			name = "Supporting Files";
			sourceTree = "<group>";
		};
/* End PBXGroup section */

/* Begin PBXNativeTarget section */
		34C43F8E1B3BD7FE00A5D0DB /* MONO-A */ = {
			isa = PBXNativeTarget;
			buildConfigurationList = 34C43FAC1B3BD7FE00A5D0DB /* Build configuration list for PBXNativeTarget "MONO-A" */;
			buildPhases = (
				34C43F8B1B3BD7FE00A5D0DB /* Sources */,
				34C43F8C1B3BD7FE00A5D0DB /* Frameworks */,
				34C43F8D1B3BD7FE00A5D0DB /* Resources */,
			);
			buildRules = (
			);
			dependencies = (
			);
			name = "MONO-A";
			productName = "MONO-A";
			productReference = 34C43F8F1B3BD7FE00A5D0DB /* MONO-A.app */;
			productType = "com.apple.product-type.application";
		};
		34C43FA11B3BD7FE00A5D0DB /* MONO-ATests */ = {
			isa = PBXNativeTarget;
			buildConfigurationList = 34C43FAF1B3BD7FE00A5D0DB /* Build configuration list for PBXNativeTarget "MONO-ATests" */;
			buildPhases = (
				34C43F9E1B3BD7FE00A5D0DB /* Sources */,
				34C43F9F1B3BD7FE00A5D0DB /* Frameworks */,
				34C43FA01B3BD7FE00A5D0DB /* Resources */,
			);
			buildRules = (
			);
			dependencies = (
				34C43FA41B3BD7FE00A5D0DB /* PBXTargetDependency */,
			);
			name = "MONO-ATests";
			productName = "MONO-ATests";
			productReference = 34C43FA21B3BD7FE00A5D0DB /* MONO-ATests.xctest */;
			productType = "com.apple.product-type.bundle.unit-test";
		};
/* End PBXNativeTarget section */

/* Begin PBXProject section */
		34C43F871B3BD7FE00A5D0DB /* Project object */ = {
			isa = PBXProject;
			attributes = {
				LastUpgradeCheck = 0610;
				ORGANIZATIONNAME = lanouhn;
				TargetAttributes = {
					34C43F8E1B3BD7FE00A5D0DB = {
						CreatedOnToolsVersion = 6.1;
					};
					34C43FA11B3BD7FE00A5D0DB = {
						CreatedOnToolsVersion = 6.1;
						TestTargetID = 34C43F8E1B3BD7FE00A5D0DB;
					};
				};
			};
			buildConfigurationList = 34C43F8A1B3BD7FE00A5D0DB /* Build configuration list for PBXProject "MONO-A" */;
			compatibilityVersion = "Xcode 3.2";
			developmentRegion = English;
			hasScannedForEncodings = 0;
			knownRegions = (
				en,
				Base,
			);
			mainGroup = 34C43F861B3BD7FE00A5D0DB;
			productRefGroup = 34C43F901B3BD7FE00A5D0DB /* Products */;
			projectDirPath = "";
			projectRoot = "";
			targets = (
				34C43F8E1B3BD7FE00A5D0DB /* MONO-A */,
				34C43FA11B3BD7FE00A5D0DB /* MONO-ATests */,
			);
		};
/* End PBXProject section */

/* Begin PBXResourcesBuildPhase section */
		34C43F8D1B3BD7FE00A5D0DB /* Resources */ = {
			isa = PBXResourcesBuildPhase;
			buildActionMask = 2147483647;
			files = (
				34C43F9D1B3BD7FE00A5D0DB /* LaunchScreen.xib in Resources */,
				34C43F9A1B3BD7FE00A5D0DB /* Images.xcassets in Resources */,
			);
			runOnlyForDeploymentPostprocessing = 0;
		};
		34C43FA01B3BD7FE00A5D0DB /* Resources */ = {
			isa = PBXResourcesBuildPhase;
			buildActionMask = 2147483647;
			files = (
			);
			runOnlyForDeploymentPostprocessing = 0;
		};
/* End PBXResourcesBuildPhase section */

/* Begin PBXSourcesBuildPhase section */
		34C43F8B1B3BD7FE00A5D0DB /* Sources */ = {
			isa = PBXSourcesBuildPhase;
			buildActionMask = 2147483647;
			files = (
				34C43F981B3BD7FE00A5D0DB /* AppDelegate.m in Sources */,
				34C43F951B3BD7FE00A5D0DB /* main.m in Sources */,
			);
			runOnlyForDeploymentPostprocessing = 0;
		};
		34C43F9E1B3BD7FE00A5D0DB /* Sources */ = {
			isa = PBXSourcesBuildPhase;
			buildActionMask = 2147483647;
			files = (
				34C43FA91B3BD7FE00A5D0DB /* MONO_ATests.m in Sources */,
			);
			runOnlyForDeploymentPostprocessing = 0;
		};
/* End PBXSourcesBuildPhase section */

/* Begin PBXTargetDependency section */
		34C43FA41B3BD7FE00A5D0DB /* PBXTargetDependency */ = {
			isa = PBXTargetDependency;
			target = 34C43F8E1B3BD7FE00A5D0DB /* MONO-A */;
			targetProxy = 34C43FA31B3BD7FE00A5D0DB /* PBXContainerItemProxy */;
		};
/* End PBXTargetDependency section */

/* Begin PBXVariantGroup section */
		34C43F9B1B3BD7FE00A5D0DB /* LaunchScreen.xib */ = {
			isa = PBXVariantGroup;
			children = (
				34C43F9C1B3BD7FE00A5D0DB /* Base */,
			);
			name = LaunchScreen.xib;
			sourceTree = "<group>";
		};
/* End PBXVariantGroup section */

/* Begin XCBuildConfiguration section */
		34C43FAA1B3BD7FE00A5D0DB /* Debug */ = {
			isa = XCBuildConfiguration;
			buildSettings = {
				ALWAYS_SEARCH_USER_PATHS = NO;
				CLANG_CXX_LANGUAGE_STANDARD = "gnu++0x";
				CLANG_CXX_LIBRARY = "libc++";
				CLANG_ENABLE_MODULES = YES;
				CLANG_ENABLE_OBJC_ARC = YES;
				CLANG_WARN_BOOL_CONVERSION = YES;
				CLANG_WARN_CONSTANT_CONVERSION = YES;
				CLANG_WARN_DIRECT_OBJC_ISA_USAGE = YES_ERROR;
				CLANG_WARN_EMPTY_BODY = YES;
				CLANG_WARN_ENUM_CONVERSION = YES;
				CLANG_WARN_INT_CONVERSION = YES;
				CLANG_WARN_OBJC_ROOT_CLASS = YES_ERROR;
				CLANG_WARN_UNREACHABLE_CODE = YES;
				CLANG_WARN__DUPLICATE_METHOD_MATCH = YES;
				"CODE_SIGN_IDENTITY[sdk=iphoneos*]" = "iPhone Developer";
				COPY_PHASE_STRIP = NO;
				ENABLE_STRICT_OBJC_MSGSEND = YES;
				GCC_C_LANGUAGE_STANDARD = gnu99;
				GCC_DYNAMIC_NO_PIC = NO;
				GCC_OPTIMIZATION_LEVEL = 0;
				GCC_PREPROCESSOR_DEFINITIONS = (
					"DEBUG=1",
					"$(inherited)",
				);
				GCC_SYMBOLS_PRIVATE_EXTERN = NO;
				GCC_WARN_64_TO_32_BIT_CONVERSION = YES;
				GCC_WARN_ABOUT_RETURN_TYPE = YES_ERROR;
				GCC_WARN_UNDECLARED_SELECTOR = YES;
				GCC_WARN_UNINITIALIZED_AUTOS = YES_AGGRESSIVE;
				GCC_WARN_UNUSED_FUNCTION = YES;
				GCC_WARN_UNUSED_VARIABLE = YES;
				IPHONEOS_DEPLOYMENT_TARGET = 8.1;
				MTL_ENABLE_DEBUG_INFO = YES;
				ONLY_ACTIVE_ARCH = YES;
				SDKROOT = iphoneos;
				TARGETED_DEVICE_FAMILY = "1,2";
			};
			name = Debug;
		};
		34C43FAB1B3BD7FE00A5D0DB /* Release */ = {
			isa = XCBuildConfiguration;
			buildSettings = {
				ALWAYS_SEARCH_USER_PATHS = NO;
				CLANG_CXX_LANGUAGE_STANDARD = "gnu++0x";
				CLANG_CXX_LIBRARY = "libc++";
				CLANG_ENABLE_MODULES = YES;
				CLANG_ENABLE_OBJC_ARC = YES;
				CLANG_WARN_BOOL_CONVERSION = YES;
				CLANG_WARN_CONSTANT_CONVERSION = YES;
				CLANG_WARN_DIRECT_OBJC_ISA_USAGE = YES_ERROR;
				CLANG_WARN_EMPTY_BODY = YES;
				CLANG_WARN_ENUM_CONVERSION = YES;
				CLANG_WARN_INT_CONVERSION = YES;
				CLANG_WARN_OBJC_ROOT_CLASS = YES_ERROR;
				CLANG_WARN_UNREACHABLE_CODE = YES;
				CLANG_WARN__DUPLICATE_METHOD_MATCH = YES;
				"CODE_SIGN_IDENTITY[sdk=iphoneos*]" = "iPhone Developer";
				COPY_PHASE_STRIP = YES;
				ENABLE_NS_ASSERTIONS = NO;
				ENABLE_STRICT_OBJC_MSGSEND = YES;
				GCC_C_LANGUAGE_STANDARD = gnu99;
				GCC_WARN_64_TO_32_BIT_CONVERSION = YES;
				GCC_WARN_ABOUT_RETURN_TYPE = YES_ERROR;
				GCC_WARN_UNDECLARED_SELECTOR = YES;
				GCC_WARN_UNINITIALIZED_AUTOS = YES_AGGRESSIVE;
				GCC_WARN_UNUSED_FUNCTION = YES;
				GCC_WARN_UNUSED_VARIABLE = YES;
				IPHONEOS_DEPLOYMENT_TARGET = 8.1;
				MTL_ENABLE_DEBUG_INFO = NO;
				SDKROOT = iphoneos;
				TARGETED_DEVICE_FAMILY = "1,2";
				VALIDATE_PRODUCT = YES;
			};
			name = Release;
		};
		34C43FAD1B3BD7FE00A5D0DB /* Debug */ = {
			isa = XCBuildConfiguration;
			buildSettings = {
				ASSETCATALOG_COMPILER_APPICON_NAME = AppIcon;
				INFOPLIST_FILE = "MONO-A/Info.plist";
				LD_RUNPATH_SEARCH_PATHS = "$(inherited) @executable_path/Frameworks";
				PRODUCT_NAME = "$(TARGET_NAME)";
			};
			name = Debug;
		};
		34C43FAE1B3BD7FE00A5D0DB /* Release */ = {
			isa = XCBuildConfiguration;
			buildSettings = {
				ASSETCATALOG_COMPILER_APPICON_NAME = AppIcon;
				INFOPLIST_FILE = "MONO-A/Info.plist";
				LD_RUNPATH_SEARCH_PATHS = "$(inherited) @executable_path/Frameworks";
				PRODUCT_NAME = "$(TARGET_NAME)";
			};
			name = Release;
		};
		34C43FB01B3BD7FE00A5D0DB /* Debug */ = {
			isa = XCBuildConfiguration;
			buildSettings = {
				BUNDLE_LOADER = "$(TEST_HOST)";
				FRAMEWORK_SEARCH_PATHS = (
					"$(SDKROOT)/Developer/Library/Frameworks",
					"$(inherited)",
				);
				GCC_PREPROCESSOR_DEFINITIONS = (
					"DEBUG=1",
					"$(inherited)",
				);
				INFOPLIST_FILE = "MONO-ATests/Info.plist";
				LD_RUNPATH_SEARCH_PATHS = "$(inherited) @executable_path/Frameworks @loader_path/Frameworks";
				PRODUCT_NAME = "$(TARGET_NAME)";
				TEST_HOST = "$(BUILT_PRODUCTS_DIR)/MONO-A.app/MONO-A";
			};
			name = Debug;
		};
		34C43FB11B3BD7FE00A5D0DB /* Release */ = {
			isa = XCBuildConfiguration;
			buildSettings = {
				BUNDLE_LOADER = "$(TEST_HOST)";
				FRAMEWORK_SEARCH_PATHS = (
					"$(SDKROOT)/Developer/Library/Frameworks",
					"$(inherited)",
				);
				INFOPLIST_FILE = "MONO-ATests/Info.plist";
				LD_RUNPATH_SEARCH_PATHS = "$(inherited) @executable_path/Frameworks @loader_path/Frameworks";
				PRODUCT_NAME = "$(TARGET_NAME)";
				TEST_HOST = "$(BUILT_PRODUCTS_DIR)/MONO-A.app/MONO-A";
			};
			name = Release;
		};
/* End XCBuildConfiguration section */

/* Begin XCConfigurationList section */
		34C43F8A1B3BD7FE00A5D0DB /* Build configuration list for PBXProject "MONO-A" */ = {
			isa = XCConfigurationList;
			buildConfigurations = (
				34C43FAA1B3BD7FE00A5D0DB /* Debug */,
				34C43FAB1B3BD7FE00A5D0DB /* Release */,
			);
			defaultConfigurationIsVisible = 0;
			defaultConfigurationName = Release;
		};
		34C43FAC1B3BD7FE00A5D0DB /* Build configuration list for PBXNativeTarget "MONO-A" */ = {
			isa = XCConfigurationList;
			buildConfigurations = (
				34C43FAD1B3BD7FE00A5D0DB /* Debug */,
				34C43FAE1B3BD7FE00A5D0DB /* Release */,
			);
			defaultConfigurationIsVisible = 0;
		};
		34C43FAF1B3BD7FE00A5D0DB /* Build configuration list for PBXNativeTarget "MONO-ATests" */ = {
			isa = XCConfigurationList;
			buildConfigurations = (
				34C43FB01B3BD7FE00A5D0DB /* Debug */,
				34C43FB11B3BD7FE00A5D0DB /* Release */,
			);
			defaultConfigurationIsVisible = 0;
		};
/* End XCConfigurationList section */
	};
	rootObject = 34C43F871B3BD7FE00A5D0DB /* Project object */;
}
