// !$*UTF8*$!
{
	archiveVersion = 1;
	classes = {
	};
	objectVersion = 46;
	objects = {

/* Begin PBXBuildFile section */
		34C43F951B3BD7FE00A5D0DB /* main.m in Sources */ = {isa = PBXBuildFile; fileRef = 34C43F941B3BD7FE00A5D0DB /* main.m */; };
		34C43F981B3BD7FE00A5D0DB /* AppDelegate.m in Sources */ = {isa = PBXBuildFile; fileRef = 34C43F971B3BD7FE00A5D0DB /* AppDelegate.m */; };
		34C43F9D1B3BD7FE00A5D0DB /* LaunchScreen.xib in Resources */ = {isa = PBXBuildFile; fileRef = 34C43F9B1B3BD7FE00A5D0DB /* LaunchScreen.xib */; };
		34C43FA91B3BD7FE00A5D0DB /* MONO_ATests.m in Sources */ = {isa = PBXBuildFile; fileRef = 34C43FA81B3BD7FE00A5D0DB /* MONO_ATests.m */; };
		34C43FBF1B3BD92000A5D0DB /* RootViewController.m in Sources */ = {isa = PBXBuildFile; fileRef = 34C43FBE1B3BD92000A5D0DB /* RootViewController.m */; };
		34C43FC31B3BE10500A5D0DB /* ProgrammeViewController.m in Sources */ = {isa = PBXBuildFile; fileRef = 34C43FC21B3BE10500A5D0DB /* ProgrammeViewController.m */; };
		34C43FC61B3BE11300A5D0DB /* MONOViewController.m in Sources */ = {isa = PBXBuildFile; fileRef = 34C43FC51B3BE11300A5D0DB /* MONOViewController.m */; };
		34C43FC91B3BE16900A5D0DB /* PictorialViewController.m in Sources */ = {isa = PBXBuildFile; fileRef = 34C43FC81B3BE16900A5D0DB /* PictorialViewController.m */; };
		34C43FCC1B3BE18600A5D0DB /* CreatorViewController.m in Sources */ = {isa = PBXBuildFile; fileRef = 34C43FCB1B3BE18600A5D0DB /* CreatorViewController.m */; };
		34C43FCF1B3BE1C400A5D0DB /* MagazineViewController.m in Sources */ = {isa = PBXBuildFile; fileRef = 34C43FCE1B3BE1C400A5D0DB /* MagazineViewController.m */; };
		34C43FD21B3BE1E100A5D0DB /* PastViewController.m in Sources */ = {isa = PBXBuildFile; fileRef = 34C43FD11B3BE1E100A5D0DB /* PastViewController.m */; };
		34C43FD71B3BE2FB00A5D0DB /* Function.m in Sources */ = {isa = PBXBuildFile; fileRef = 34C43FD61B3BE2FB00A5D0DB /* Function.m */; };
		34C43FDA1B3BEEAD00A5D0DB /* ProgrammeVIew.m in Sources */ = {isa = PBXBuildFile; fileRef = 34C43FD91B3BEEAD00A5D0DB /* ProgrammeVIew.m */; };
		34C43FE01B3BEEEE00A5D0DB /* MONOVIew.m in Sources */ = {isa = PBXBuildFile; fileRef = 34C43FDF1B3BEEEE00A5D0DB /* MONOVIew.m */; };
		34C43FE31B3BEF0100A5D0DB /* PictorialVIew.m in Sources */ = {isa = PBXBuildFile; fileRef = 34C43FE21B3BEF0100A5D0DB /* PictorialVIew.m */; };
		34C43FE61B3BEF1300A5D0DB /* CreatorView.m in Sources */ = {isa = PBXBuildFile; fileRef = 34C43FE51B3BEF1300A5D0DB /* CreatorView.m */; };
		34C43FE91B3BEF2000A5D0DB /* MagazineView.m in Sources */ = {isa = PBXBuildFile; fileRef = 34C43FE81B3BEF2000A5D0DB /* MagazineView.m */; };
		34C43FEC1B3BEF2800A5D0DB /* PastView.m in Sources */ = {isa = PBXBuildFile; fileRef = 34C43FEB1B3BEF2800A5D0DB /* PastView.m */; };
		34C43FEF1B3BF85900A5D0DB /* TeaViewController.m in Sources */ = {isa = PBXBuildFile; fileRef = 34C43FEE1B3BF85900A5D0DB /* TeaViewController.m */; };
		34C43FF21B3BF86A00A5D0DB /* TeaView.m in Sources */ = {isa = PBXBuildFile; fileRef = 34C43FF11B3BF86A00A5D0DB /* TeaView.m */; };
		34C43FF41B3C247100A5D0DB /* Images.xcassets in Resources */ = {isa = PBXBuildFile; fileRef = 34C43FF31B3C247100A5D0DB /* Images.xcassets */; };
		34C43FF71B3C28F000A5D0DB /* TeaTableViewCell.m in Sources */ = {isa = PBXBuildFile; fileRef = 34C43FF61B3C28F000A5D0DB /* TeaTableViewCell.m */; };
		34C4400A1B3C315200A5D0DB /* TeaModel.m in Sources */ = {isa = PBXBuildFile; fileRef = 34C440091B3C315200A5D0DB /* TeaModel.m */; };
		34C4400E1B3C339D00A5D0DB /* NetWorkEngine.m in Sources */ = {isa = PBXBuildFile; fileRef = 34C4400D1B3C339D00A5D0DB /* NetWorkEngine.m */; };
		34C4F8401B3E3E8100C6215F /* MKAnnotationView+WebCache.m in Sources */ = {isa = PBXBuildFile; fileRef = 34C4F8201B3E3E8100C6215F /* MKAnnotationView+WebCache.m */; settings = {COMPILER_FLAGS = "-fobjc-arc"; }; };
		34C4F8411B3E3E8100C6215F /* NSData+ImageContentType.m in Sources */ = {isa = PBXBuildFile; fileRef = 34C4F8221B3E3E8100C6215F /* NSData+ImageContentType.m */; settings = {COMPILER_FLAGS = "-fobjc-arc"; }; };
		34C4F8421B3E3E8100C6215F /* SDImageCache.m in Sources */ = {isa = PBXBuildFile; fileRef = 34C4F8241B3E3E8100C6215F /* SDImageCache.m */; settings = {COMPILER_FLAGS = "-fobjc-arc"; }; };
		34C4F8431B3E3E8100C6215F /* SDWebImageCompat.m in Sources */ = {isa = PBXBuildFile; fileRef = 34C4F8261B3E3E8100C6215F /* SDWebImageCompat.m */; settings = {COMPILER_FLAGS = "-fobjc-arc"; }; };
		34C4F8441B3E3E8100C6215F /* SDWebImageDecoder.m in Sources */ = {isa = PBXBuildFile; fileRef = 34C4F8281B3E3E8100C6215F /* SDWebImageDecoder.m */; settings = {COMPILER_FLAGS = "-fobjc-arc"; }; };
		34C4F8451B3E3E8100C6215F /* SDWebImageDownloader.m in Sources */ = {isa = PBXBuildFile; fileRef = 34C4F82A1B3E3E8100C6215F /* SDWebImageDownloader.m */; settings = {COMPILER_FLAGS = "-fobjc-arc"; }; };
		34C4F8461B3E3E8100C6215F /* SDWebImageDownloaderOperation.m in Sources */ = {isa = PBXBuildFile; fileRef = 34C4F82C1B3E3E8100C6215F /* SDWebImageDownloaderOperation.m */; settings = {COMPILER_FLAGS = "-fobjc-arc"; }; };
		34C4F8471B3E3E8100C6215F /* SDWebImageManager.m in Sources */ = {isa = PBXBuildFile; fileRef = 34C4F82E1B3E3E8100C6215F /* SDWebImageManager.m */; settings = {COMPILER_FLAGS = "-fobjc-arc"; }; };
		34C4F8481B3E3E8100C6215F /* SDWebImagePrefetcher.m in Sources */ = {isa = PBXBuildFile; fileRef = 34C4F8311B3E3E8100C6215F /* SDWebImagePrefetcher.m */; settings = {COMPILER_FLAGS = "-fobjc-arc"; }; };
		34C4F8491B3E3E8100C6215F /* UIButton+WebCache.m in Sources */ = {isa = PBXBuildFile; fileRef = 34C4F8331B3E3E8100C6215F /* UIButton+WebCache.m */; settings = {COMPILER_FLAGS = "-fobjc-arc"; }; };
		34C4F84A1B3E3E8100C6215F /* UIImage+GIF.m in Sources */ = {isa = PBXBuildFile; fileRef = 34C4F8351B3E3E8100C6215F /* UIImage+GIF.m */; settings = {COMPILER_FLAGS = "-fobjc-arc"; }; };
		34C4F84B1B3E3E8100C6215F /* UIImage+MultiFormat.m in Sources */ = {isa = PBXBuildFile; fileRef = 34C4F8371B3E3E8100C6215F /* UIImage+MultiFormat.m */; settings = {COMPILER_FLAGS = "-fobjc-arc"; }; };
		34C4F84C1B3E3E8100C6215F /* UIImage+WebP.m in Sources */ = {isa = PBXBuildFile; fileRef = 34C4F8391B3E3E8100C6215F /* UIImage+WebP.m */; settings = {COMPILER_FLAGS = "-fobjc-arc"; }; };
		34C4F84D1B3E3E8100C6215F /* UIImageView+HighlightedWebCache.m in Sources */ = {isa = PBXBuildFile; fileRef = 34C4F83B1B3E3E8100C6215F /* UIImageView+HighlightedWebCache.m */; settings = {COMPILER_FLAGS = "-fobjc-arc"; }; };
		34C4F84E1B3E3E8100C6215F /* UIImageView+WebCache.m in Sources */ = {isa = PBXBuildFile; fileRef = 34C4F83D1B3E3E8100C6215F /* UIImageView+WebCache.m */; settings = {COMPILER_FLAGS = "-fobjc-arc"; }; };
		34C4F84F1B3E3E8100C6215F /* UIView+WebCacheOperation.m in Sources */ = {isa = PBXBuildFile; fileRef = 34C4F83F1B3E3E8100C6215F /* UIView+WebCacheOperation.m */; settings = {COMPILER_FLAGS = "-fobjc-arc"; }; };
		34C4F8511B3E425700C6215F /* ImageIO.framework in Frameworks */ = {isa = PBXBuildFile; fileRef = 34C4F8501B3E425700C6215F /* ImageIO.framework */; };
		34C4F8531B3E426100C6215F /* MapKit.framework in Frameworks */ = {isa = PBXBuildFile; fileRef = 34C4F8521B3E426100C6215F /* MapKit.framework */; };
		34C4F8CE1B3E523500C6215F /* PictorialModel.m in Sources */ = {isa = PBXBuildFile; fileRef = 34C4F8CD1B3E523500C6215F /* PictorialModel.m */; };
		34C4F8D11B3E549D00C6215F /* PhotoModel.m in Sources */ = {isa = PBXBuildFile; fileRef = 34C4F8D01B3E549D00C6215F /* PhotoModel.m */; };
		34C4F8D41B3E5E7D00C6215F /* PicSecondViewController.m in Sources */ = {isa = PBXBuildFile; fileRef = 34C4F8D31B3E5E7D00C6215F /* PicSecondViewController.m */; };
		34C4F9D11B3EAD3F00C6215F /* RPSlidingMenuCell.m in Sources */ = {isa = PBXBuildFile; fileRef = 34C4F9CE1B3EAD3F00C6215F /* RPSlidingMenuCell.m */; };
		34C4F9D21B3EAD3F00C6215F /* RPSlidingMenuLayout.m in Sources */ = {isa = PBXBuildFile; fileRef = 34C4F9D01B3EAD3F00C6215F /* RPSlidingMenuLayout.m */; };
		34C5A47E1B4276EB0053DA8D /* TodayDetailViewController.m in Sources */ = {isa = PBXBuildFile; fileRef = 34C5A47D1B4276EB0053DA8D /* TodayDetailViewController.m */; };
		34C5A5471B42971B0053DA8D /* MagzaineTableViewCell.m in Sources */ = {isa = PBXBuildFile; fileRef = 34C5A5461B42971B0053DA8D /* MagzaineTableViewCell.m */; };
		34C5A54A1B4297340053DA8D /* MagazineModel.m in Sources */ = {isa = PBXBuildFile; fileRef = 34C5A5491B4297340053DA8D /* MagazineModel.m */; };
		34CD31041B40F571002E625A /* ThirdModelCell.m in Sources */ = {isa = PBXBuildFile; fileRef = 34CD31031B40F571002E625A /* ThirdModelCell.m */; };
		34CD31071B40F57B002E625A /* ThirdPageModelCell.m in Sources */ = {isa = PBXBuildFile; fileRef = 34CD31061B40F57B002E625A /* ThirdPageModelCell.m */; };
		34CD310A1B40F584002E625A /* DataModel.m in Sources */ = {isa = PBXBuildFile; fileRef = 34CD31091B40F584002E625A /* DataModel.m */; };
		34CD310D1B40F698002E625A /* MONONextViewController.m in Sources */ = {isa = PBXBuildFile; fileRef = 34CD310C1B40F698002E625A /* MONONextViewController.m */; };
		34CD31101B40F70E002E625A /* MBProgressHUD.m in Sources */ = {isa = PBXBuildFile; fileRef = 34CD310F1B40F70E002E625A /* MBProgressHUD.m */; };
		34CD31131B412175002E625A /* ProModel.m in Sources */ = {isa = PBXBuildFile; fileRef = 34CD31121B412175002E625A /* ProModel.m */; };
		34CD31191B412D88002E625A /* ProCollectionViewCell.m in Sources */ = {isa = PBXBuildFile; fileRef = 34CD31181B412D88002E625A /* ProCollectionViewCell.m */; };
		34CD311C1B414A68002E625A /* TodayViewController.m in Sources */ = {isa = PBXBuildFile; fileRef = 34CD311B1B414A68002E625A /* TodayViewController.m */; };
		34CD311F1B414C5F002E625A /* TodayTableViewCell.m in Sources */ = {isa = PBXBuildFile; fileRef = 34CD311E1B414C5F002E625A /* TodayTableViewCell.m */; };
		34CD31221B415F56002E625A /* TodayModel.m in Sources */ = {isa = PBXBuildFile; fileRef = 34CD31211B415F56002E625A /* TodayModel.m */; };
		34E829C31B43973A000468D6 /* ZaoWuZhu2ViewController.m in Sources */ = {isa = PBXBuildFile; fileRef = 34E829A91B43973A000468D6 /* ZaoWuZhu2ViewController.m */; };
		34E829C51B43973A000468D6 /* WeiJueDaShiViewController.m in Sources */ = {isa = PBXBuildFile; fileRef = 34E829AD1B43973A000468D6 /* WeiJueDaShiViewController.m */; };
		34E829C61B43973A000468D6 /* LiangCangViewController.m in Sources */ = {isa = PBXBuildFile; fileRef = 34E829AF1B43973A000468D6 /* LiangCangViewController.m */; };
		34E829C71B43973A000468D6 /* LiangCang1ViewController.m in Sources */ = {isa = PBXBuildFile; fileRef = 34E829B11B43973A000468D6 /* LiangCang1ViewController.m */; };
		34E829C81B43973A000468D6 /* JianDanViewController.m in Sources */ = {isa = PBXBuildFile; fileRef = 34E829B31B43973A000468D6 /* JianDanViewController.m */; };
		34E829C91B43973A000468D6 /* Jiandan2ViewController.m in Sources */ = {isa = PBXBuildFile; fileRef = 34E829B51B43973A000468D6 /* Jiandan2ViewController.m */; };
		34E829CA1B43973A000468D6 /* HuaBaoViewController.m in Sources */ = {isa = PBXBuildFile; fileRef = 34E829B71B43973A000468D6 /* HuaBaoViewController.m */; };
		34E829CB1B43973A000468D6 /* Huabao1ViewController.m in Sources */ = {isa = PBXBuildFile; fileRef = 34E829B91B43973A000468D6 /* Huabao1ViewController.m */; };
		34E829CC1B43973A000468D6 /* WangyiViewController.m in Sources */ = {isa = PBXBuildFile; fileRef = 34E829BB1B43973A000468D6 /* WangyiViewController.m */; };
		34E829CD1B43973A000468D6 /* Wangyi1ViewController.m in Sources */ = {isa = PBXBuildFile; fileRef = 34E829BD1B43973A000468D6 /* Wangyi1ViewController.m */; };
		34E829CE1B43973A000468D6 /* YingXiangViewController.m in Sources */ = {isa = PBXBuildFile; fileRef = 34E829BF1B43973A000468D6 /* YingXiangViewController.m */; };
		34E829CF1B43973A000468D6 /* YingXiang1ViewController.m in Sources */ = {isa = PBXBuildFile; fileRef = 34E829C11B43973A000468D6 /* YingXiang1ViewController.m */; };
		34E829E21B4399EA000468D6 /* ViceChinaDataModel.m in Sources */ = {isa = PBXBuildFile; fileRef = 34E829D11B4399E9000468D6 /* ViceChinaDataModel.m */; };
		34E829E31B4399EA000468D6 /* ZaoWuZhuDataModel.m in Sources */ = {isa = PBXBuildFile; fileRef = 34E829D31B4399E9000468D6 /* ZaoWuZhuDataModel.m */; };
		34E829E41B4399EA000468D6 /* ViceChinaModelCell.m in Sources */ = {isa = PBXBuildFile; fileRef = 34E829D51B4399EA000468D6 /* ViceChinaModelCell.m */; };
		34E829E51B4399EA000468D6 /* ZaoWuZhuModelCell.m in Sources */ = {isa = PBXBuildFile; fileRef = 34E829D71B4399EA000468D6 /* ZaoWuZhuModelCell.m */; };
		34E829E61B4399EA000468D6 /* LiangCangDataModel.m in Sources */ = {isa = PBXBuildFile; fileRef = 34E829D91B4399EA000468D6 /* LiangCangDataModel.m */; };
		34E829E71B4399EA000468D6 /* WeiJueDataModel.m in Sources */ = {isa = PBXBuildFile; fileRef = 34E829DB1B4399EA000468D6 /* WeiJueDataModel.m */; };
		34E829E81B4399EA000468D6 /* WeiJueModelCell.m in Sources */ = {isa = PBXBuildFile; fileRef = 34E829DD1B4399EA000468D6 /* WeiJueModelCell.m */; };
		34E829E91B4399EA000468D6 /* JianDanDataModel.m in Sources */ = {isa = PBXBuildFile; fileRef = 34E829DF1B4399EA000468D6 /* JianDanDataModel.m */; };
		34E829EA1B4399EA000468D6 /* HuaBaoDataModel.m in Sources */ = {isa = PBXBuildFile; fileRef = 34E829E11B4399EA000468D6 /* HuaBaoDataModel.m */; };
		34E829EC1B439A5D000468D6 /* ZaoWuZhu1ViewController.m in Sources */ = {isa = PBXBuildFile; fileRef = 34E829EB1B439A5D000468D6 /* ZaoWuZhu1ViewController.m */; };
		34E829EF1B439A6E000468D6 /* ViceChinaViewController.m in Sources */ = {isa = PBXBuildFile; fileRef = 34E829EE1B439A6E000468D6 /* ViceChinaViewController.m */; };
		81E0BCEB1B40364300E5FE6E /* HACollectionViewSmallLayout.m in Sources */ = {isa = PBXBuildFile; fileRef = 81E0BCE81B40364300E5FE6E /* HACollectionViewSmallLayout.m */; };
		81E0BCEC1B40364300E5FE6E /* HACollectionViewLargeLayout.m in Sources */ = {isa = PBXBuildFile; fileRef = 81E0BCEA1B40364300E5FE6E /* HACollectionViewLargeLayout.m */; };
		81E0BCEE1B4037D100E5FE6E /* image2.png in Resources */ = {isa = PBXBuildFile; fileRef = 81E0BCED1B4037D100E5FE6E /* image2.png */; };
		81E0BCF01B4037EC00E5FE6E /* image3.png in Resources */ = {isa = PBXBuildFile; fileRef = 81E0BCEF1B4037EC00E5FE6E /* image3.png */; };
		81E0BCF21B4037F400E5FE6E /* image1.png in Resources */ = {isa = PBXBuildFile; fileRef = 81E0BCF11B4037F400E5FE6E /* image1.png */; };
		81E0BCF41B4037FB00E5FE6E /* image4.png in Resources */ = {isa = PBXBuildFile; fileRef = 81E0BCF31B4037FB00E5FE6E /* image4.png */; };
/* End PBXBuildFile section */

/* Begin PBXContainerItemProxy section */
		34C43FA31B3BD7FE00A5D0DB /* PBXContainerItemProxy */ = {
			isa = PBXContainerItemProxy;
			containerPortal = 34C43F871B3BD7FE00A5D0DB /* Project object */;
			proxyType = 1;
			remoteGlobalIDString = 34C43F8E1B3BD7FE00A5D0DB;
			remoteInfo = "MONO-A";
		};
/* End PBXContainerItemProxy section */

/* Begin PBXFileReference section */
		34C43F8F1B3BD7FE00A5D0DB /* MONO-A.app */ = {isa = PBXFileReference; explicitFileType = wrapper.application; includeInIndex = 0; path = "MONO-A.app"; sourceTree = BUILT_PRODUCTS_DIR; };
		34C43F931B3BD7FE00A5D0DB /* Info.plist */ = {isa = PBXFileReference; lastKnownFileType = text.plist.xml; path = Info.plist; sourceTree = "<group>"; };
		34C43F941B3BD7FE00A5D0DB /* main.m */ = {isa = PBXFileReference; lastKnownFileType = sourcecode.c.objc; path = main.m; sourceTree = "<group>"; };
		34C43F961B3BD7FE00A5D0DB /* AppDelegate.h */ = {isa = PBXFileReference; lastKnownFileType = sourcecode.c.h; path = AppDelegate.h; sourceTree = "<group>"; };
		34C43F971B3BD7FE00A5D0DB /* AppDelegate.m */ = {isa = PBXFileReference; lastKnownFileType = sourcecode.c.objc; path = AppDelegate.m; sourceTree = "<group>"; };
		34C43F9C1B3BD7FE00A5D0DB /* Base */ = {isa = PBXFileReference; lastKnownFileType = file.xib; name = Base; path = Base.lproj/LaunchScreen.xib; sourceTree = "<group>"; };
		34C43FA21B3BD7FE00A5D0DB /* MONO-ATests.xctest */ = {isa = PBXFileReference; explicitFileType = wrapper.cfbundle; includeInIndex = 0; path = "MONO-ATests.xctest"; sourceTree = BUILT_PRODUCTS_DIR; };
		34C43FA71B3BD7FE00A5D0DB /* Info.plist */ = {isa = PBXFileReference; lastKnownFileType = text.plist.xml; path = Info.plist; sourceTree = "<group>"; };
		34C43FA81B3BD7FE00A5D0DB /* MONO_ATests.m */ = {isa = PBXFileReference; lastKnownFileType = sourcecode.c.objc; path = MONO_ATests.m; sourceTree = "<group>"; };
		34C43FBD1B3BD92000A5D0DB /* RootViewController.h */ = {isa = PBXFileReference; fileEncoding = 4; lastKnownFileType = sourcecode.c.h; path = RootViewController.h; sourceTree = "<group>"; };
		34C43FBE1B3BD92000A5D0DB /* RootViewController.m */ = {isa = PBXFileReference; fileEncoding = 4; lastKnownFileType = sourcecode.c.objc; path = RootViewController.m; sourceTree = "<group>"; };
		34C43FC11B3BE10500A5D0DB /* ProgrammeViewController.h */ = {isa = PBXFileReference; fileEncoding = 4; lastKnownFileType = sourcecode.c.h; path = ProgrammeViewController.h; sourceTree = "<group>"; };
		34C43FC21B3BE10500A5D0DB /* ProgrammeViewController.m */ = {isa = PBXFileReference; fileEncoding = 4; lastKnownFileType = sourcecode.c.objc; path = ProgrammeViewController.m; sourceTree = "<group>"; };
		34C43FC41B3BE11300A5D0DB /* MONOViewController.h */ = {isa = PBXFileReference; fileEncoding = 4; lastKnownFileType = sourcecode.c.h; path = MONOViewController.h; sourceTree = "<group>"; };
		34C43FC51B3BE11300A5D0DB /* MONOViewController.m */ = {isa = PBXFileReference; fileEncoding = 4; lastKnownFileType = sourcecode.c.objc; path = MONOViewController.m; sourceTree = "<group>"; };
		34C43FC71B3BE16900A5D0DB /* PictorialViewController.h */ = {isa = PBXFileReference; fileEncoding = 4; lastKnownFileType = sourcecode.c.h; path = PictorialViewController.h; sourceTree = "<group>"; };
		34C43FC81B3BE16900A5D0DB /* PictorialViewController.m */ = {isa = PBXFileReference; fileEncoding = 4; lastKnownFileType = sourcecode.c.objc; path = PictorialViewController.m; sourceTree = "<group>"; };
		34C43FCA1B3BE18600A5D0DB /* CreatorViewController.h */ = {isa = PBXFileReference; fileEncoding = 4; lastKnownFileType = sourcecode.c.h; path = CreatorViewController.h; sourceTree = "<group>"; };
		34C43FCB1B3BE18600A5D0DB /* CreatorViewController.m */ = {isa = PBXFileReference; fileEncoding = 4; lastKnownFileType = sourcecode.c.objc; path = CreatorViewController.m; sourceTree = "<group>"; };
		34C43FCD1B3BE1C400A5D0DB /* MagazineViewController.h */ = {isa = PBXFileReference; fileEncoding = 4; lastKnownFileType = sourcecode.c.h; path = MagazineViewController.h; sourceTree = "<group>"; };
		34C43FCE1B3BE1C400A5D0DB /* MagazineViewController.m */ = {isa = PBXFileReference; fileEncoding = 4; lastKnownFileType = sourcecode.c.objc; path = MagazineViewController.m; sourceTree = "<group>"; };
		34C43FD01B3BE1E100A5D0DB /* PastViewController.h */ = {isa = PBXFileReference; fileEncoding = 4; lastKnownFileType = sourcecode.c.h; path = PastViewController.h; sourceTree = "<group>"; };
		34C43FD11B3BE1E100A5D0DB /* PastViewController.m */ = {isa = PBXFileReference; fileEncoding = 4; lastKnownFileType = sourcecode.c.objc; path = PastViewController.m; sourceTree = "<group>"; };
		34C43FD41B3BE2C700A5D0DB /* PrefixHeader.pch */ = {isa = PBXFileReference; lastKnownFileType = sourcecode.c.h; path = PrefixHeader.pch; sourceTree = "<group>"; };
		34C43FD51B3BE2FB00A5D0DB /* Function.h */ = {isa = PBXFileReference; fileEncoding = 4; lastKnownFileType = sourcecode.c.h; path = Function.h; sourceTree = "<group>"; };
		34C43FD61B3BE2FB00A5D0DB /* Function.m */ = {isa = PBXFileReference; fileEncoding = 4; lastKnownFileType = sourcecode.c.objc; path = Function.m; sourceTree = "<group>"; };
		34C43FD81B3BEEAD00A5D0DB /* ProgrammeVIew.h */ = {isa = PBXFileReference; fileEncoding = 4; lastKnownFileType = sourcecode.c.h; path = ProgrammeVIew.h; sourceTree = "<group>"; };
		34C43FD91B3BEEAD00A5D0DB /* ProgrammeVIew.m */ = {isa = PBXFileReference; fileEncoding = 4; lastKnownFileType = sourcecode.c.objc; path = ProgrammeVIew.m; sourceTree = "<group>"; };
		34C43FDE1B3BEEEE00A5D0DB /* MONOVIew.h */ = {isa = PBXFileReference; fileEncoding = 4; lastKnownFileType = sourcecode.c.h; path = MONOVIew.h; sourceTree = "<group>"; };
		34C43FDF1B3BEEEE00A5D0DB /* MONOVIew.m */ = {isa = PBXFileReference; fileEncoding = 4; lastKnownFileType = sourcecode.c.objc; path = MONOVIew.m; sourceTree = "<group>"; };
		34C43FE11B3BEF0100A5D0DB /* PictorialVIew.h */ = {isa = PBXFileReference; fileEncoding = 4; lastKnownFileType = sourcecode.c.h; path = PictorialVIew.h; sourceTree = "<group>"; };
		34C43FE21B3BEF0100A5D0DB /* PictorialVIew.m */ = {isa = PBXFileReference; fileEncoding = 4; lastKnownFileType = sourcecode.c.objc; path = PictorialVIew.m; sourceTree = "<group>"; };
		34C43FE41B3BEF1300A5D0DB /* CreatorView.h */ = {isa = PBXFileReference; fileEncoding = 4; lastKnownFileType = sourcecode.c.h; path = CreatorView.h; sourceTree = "<group>"; };
		34C43FE51B3BEF1300A5D0DB /* CreatorView.m */ = {isa = PBXFileReference; fileEncoding = 4; lastKnownFileType = sourcecode.c.objc; path = CreatorView.m; sourceTree = "<group>"; };
		34C43FE71B3BEF2000A5D0DB /* MagazineView.h */ = {isa = PBXFileReference; fileEncoding = 4; lastKnownFileType = sourcecode.c.h; path = MagazineView.h; sourceTree = "<group>"; };
		34C43FE81B3BEF2000A5D0DB /* MagazineView.m */ = {isa = PBXFileReference; fileEncoding = 4; lastKnownFileType = sourcecode.c.objc; path = MagazineView.m; sourceTree = "<group>"; };
		34C43FEA1B3BEF2800A5D0DB /* PastView.h */ = {isa = PBXFileReference; fileEncoding = 4; lastKnownFileType = sourcecode.c.h; path = PastView.h; sourceTree = "<group>"; };
		34C43FEB1B3BEF2800A5D0DB /* PastView.m */ = {isa = PBXFileReference; fileEncoding = 4; lastKnownFileType = sourcecode.c.objc; path = PastView.m; sourceTree = "<group>"; };
		34C43FED1B3BF85900A5D0DB /* TeaViewController.h */ = {isa = PBXFileReference; fileEncoding = 4; lastKnownFileType = sourcecode.c.h; path = TeaViewController.h; sourceTree = "<group>"; };
		34C43FEE1B3BF85900A5D0DB /* TeaViewController.m */ = {isa = PBXFileReference; fileEncoding = 4; lastKnownFileType = sourcecode.c.objc; path = TeaViewController.m; sourceTree = "<group>"; };
		34C43FF01B3BF86A00A5D0DB /* TeaView.h */ = {isa = PBXFileReference; fileEncoding = 4; lastKnownFileType = sourcecode.c.h; path = TeaView.h; sourceTree = "<group>"; };
		34C43FF11B3BF86A00A5D0DB /* TeaView.m */ = {isa = PBXFileReference; fileEncoding = 4; lastKnownFileType = sourcecode.c.objc; path = TeaView.m; sourceTree = "<group>"; };
		34C43FF31B3C247100A5D0DB /* Images.xcassets */ = {isa = PBXFileReference; lastKnownFileType = folder.assetcatalog; path = Images.xcassets; sourceTree = "<group>"; };
		34C43FF51B3C28F000A5D0DB /* TeaTableViewCell.h */ = {isa = PBXFileReference; fileEncoding = 4; lastKnownFileType = sourcecode.c.h; path = TeaTableViewCell.h; sourceTree = "<group>"; };
		34C43FF61B3C28F000A5D0DB /* TeaTableViewCell.m */ = {isa = PBXFileReference; fileEncoding = 4; lastKnownFileType = sourcecode.c.objc; path = TeaTableViewCell.m; sourceTree = "<group>"; };
		34C440081B3C315200A5D0DB /* TeaModel.h */ = {isa = PBXFileReference; fileEncoding = 4; lastKnownFileType = sourcecode.c.h; path = TeaModel.h; sourceTree = "<group>"; };
		34C440091B3C315200A5D0DB /* TeaModel.m */ = {isa = PBXFileReference; fileEncoding = 4; lastKnownFileType = sourcecode.c.objc; path = TeaModel.m; sourceTree = "<group>"; };
		34C4400C1B3C339D00A5D0DB /* NetWorkEngine.h */ = {isa = PBXFileReference; fileEncoding = 4; lastKnownFileType = sourcecode.c.h; path = NetWorkEngine.h; sourceTree = "<group>"; };
		34C4400D1B3C339D00A5D0DB /* NetWorkEngine.m */ = {isa = PBXFileReference; fileEncoding = 4; lastKnownFileType = sourcecode.c.objc; path = NetWorkEngine.m; sourceTree = "<group>"; };
		34C4F81F1B3E3E8100C6215F /* MKAnnotationView+WebCache.h */ = {isa = PBXFileReference; fileEncoding = 4; lastKnownFileType = sourcecode.c.h; path = "MKAnnotationView+WebCache.h"; sourceTree = "<group>"; };
		34C4F8201B3E3E8100C6215F /* MKAnnotationView+WebCache.m */ = {isa = PBXFileReference; fileEncoding = 4; lastKnownFileType = sourcecode.c.objc; path = "MKAnnotationView+WebCache.m"; sourceTree = "<group>"; };
		34C4F8211B3E3E8100C6215F /* NSData+ImageContentType.h */ = {isa = PBXFileReference; fileEncoding = 4; lastKnownFileType = sourcecode.c.h; path = "NSData+ImageContentType.h"; sourceTree = "<group>"; };
		34C4F8221B3E3E8100C6215F /* NSData+ImageContentType.m */ = {isa = PBXFileReference; fileEncoding = 4; lastKnownFileType = sourcecode.c.objc; path = "NSData+ImageContentType.m"; sourceTree = "<group>"; };
		34C4F8231B3E3E8100C6215F /* SDImageCache.h */ = {isa = PBXFileReference; fileEncoding = 4; lastKnownFileType = sourcecode.c.h; path = SDImageCache.h; sourceTree = "<group>"; };
		34C4F8241B3E3E8100C6215F /* SDImageCache.m */ = {isa = PBXFileReference; fileEncoding = 4; lastKnownFileType = sourcecode.c.objc; path = SDImageCache.m; sourceTree = "<group>"; };
		34C4F8251B3E3E8100C6215F /* SDWebImageCompat.h */ = {isa = PBXFileReference; fileEncoding = 4; lastKnownFileType = sourcecode.c.h; path = SDWebImageCompat.h; sourceTree = "<group>"; };
		34C4F8261B3E3E8100C6215F /* SDWebImageCompat.m */ = {isa = PBXFileReference; fileEncoding = 4; lastKnownFileType = sourcecode.c.objc; path = SDWebImageCompat.m; sourceTree = "<group>"; };
		34C4F8271B3E3E8100C6215F /* SDWebImageDecoder.h */ = {isa = PBXFileReference; fileEncoding = 4; lastKnownFileType = sourcecode.c.h; path = SDWebImageDecoder.h; sourceTree = "<group>"; };
		34C4F8281B3E3E8100C6215F /* SDWebImageDecoder.m */ = {isa = PBXFileReference; fileEncoding = 4; lastKnownFileType = sourcecode.c.objc; path = SDWebImageDecoder.m; sourceTree = "<group>"; };
		34C4F8291B3E3E8100C6215F /* SDWebImageDownloader.h */ = {isa = PBXFileReference; fileEncoding = 4; lastKnownFileType = sourcecode.c.h; path = SDWebImageDownloader.h; sourceTree = "<group>"; };
		34C4F82A1B3E3E8100C6215F /* SDWebImageDownloader.m */ = {isa = PBXFileReference; fileEncoding = 4; lastKnownFileType = sourcecode.c.objc; path = SDWebImageDownloader.m; sourceTree = "<group>"; };
		34C4F82B1B3E3E8100C6215F /* SDWebImageDownloaderOperation.h */ = {isa = PBXFileReference; fileEncoding = 4; lastKnownFileType = sourcecode.c.h; path = SDWebImageDownloaderOperation.h; sourceTree = "<group>"; };
		34C4F82C1B3E3E8100C6215F /* SDWebImageDownloaderOperation.m */ = {isa = PBXFileReference; fileEncoding = 4; lastKnownFileType = sourcecode.c.objc; path = SDWebImageDownloaderOperation.m; sourceTree = "<group>"; };
		34C4F82D1B3E3E8100C6215F /* SDWebImageManager.h */ = {isa = PBXFileReference; fileEncoding = 4; lastKnownFileType = sourcecode.c.h; path = SDWebImageManager.h; sourceTree = "<group>"; };
		34C4F82E1B3E3E8100C6215F /* SDWebImageManager.m */ = {isa = PBXFileReference; fileEncoding = 4; lastKnownFileType = sourcecode.c.objc; path = SDWebImageManager.m; sourceTree = "<group>"; };
		34C4F82F1B3E3E8100C6215F /* SDWebImageOperation.h */ = {isa = PBXFileReference; fileEncoding = 4; lastKnownFileType = sourcecode.c.h; path = SDWebImageOperation.h; sourceTree = "<group>"; };
		34C4F8301B3E3E8100C6215F /* SDWebImagePrefetcher.h */ = {isa = PBXFileReference; fileEncoding = 4; lastKnownFileType = sourcecode.c.h; path = SDWebImagePrefetcher.h; sourceTree = "<group>"; };
		34C4F8311B3E3E8100C6215F /* SDWebImagePrefetcher.m */ = {isa = PBXFileReference; fileEncoding = 4; lastKnownFileType = sourcecode.c.objc; path = SDWebImagePrefetcher.m; sourceTree = "<group>"; };
		34C4F8321B3E3E8100C6215F /* UIButton+WebCache.h */ = {isa = PBXFileReference; fileEncoding = 4; lastKnownFileType = sourcecode.c.h; path = "UIButton+WebCache.h"; sourceTree = "<group>"; };
		34C4F8331B3E3E8100C6215F /* UIButton+WebCache.m */ = {isa = PBXFileReference; fileEncoding = 4; lastKnownFileType = sourcecode.c.objc; path = "UIButton+WebCache.m"; sourceTree = "<group>"; };
		34C4F8341B3E3E8100C6215F /* UIImage+GIF.h */ = {isa = PBXFileReference; fileEncoding = 4; lastKnownFileType = sourcecode.c.h; path = "UIImage+GIF.h"; sourceTree = "<group>"; };
		34C4F8351B3E3E8100C6215F /* UIImage+GIF.m */ = {isa = PBXFileReference; fileEncoding = 4; lastKnownFileType = sourcecode.c.objc; path = "UIImage+GIF.m"; sourceTree = "<group>"; };
		34C4F8361B3E3E8100C6215F /* UIImage+MultiFormat.h */ = {isa = PBXFileReference; fileEncoding = 4; lastKnownFileType = sourcecode.c.h; path = "UIImage+MultiFormat.h"; sourceTree = "<group>"; };
		34C4F8371B3E3E8100C6215F /* UIImage+MultiFormat.m */ = {isa = PBXFileReference; fileEncoding = 4; lastKnownFileType = sourcecode.c.objc; path = "UIImage+MultiFormat.m"; sourceTree = "<group>"; };
		34C4F8381B3E3E8100C6215F /* UIImage+WebP.h */ = {isa = PBXFileReference; fileEncoding = 4; lastKnownFileType = sourcecode.c.h; path = "UIImage+WebP.h"; sourceTree = "<group>"; };
		34C4F8391B3E3E8100C6215F /* UIImage+WebP.m */ = {isa = PBXFileReference; fileEncoding = 4; lastKnownFileType = sourcecode.c.objc; path = "UIImage+WebP.m"; sourceTree = "<group>"; };
		34C4F83A1B3E3E8100C6215F /* UIImageView+HighlightedWebCache.h */ = {isa = PBXFileReference; fileEncoding = 4; lastKnownFileType = sourcecode.c.h; path = "UIImageView+HighlightedWebCache.h"; sourceTree = "<group>"; };
		34C4F83B1B3E3E8100C6215F /* UIImageView+HighlightedWebCache.m */ = {isa = PBXFileReference; fileEncoding = 4; lastKnownFileType = sourcecode.c.objc; path = "UIImageView+HighlightedWebCache.m"; sourceTree = "<group>"; };
		34C4F83C1B3E3E8100C6215F /* UIImageView+WebCache.h */ = {isa = PBXFileReference; fileEncoding = 4; lastKnownFileType = sourcecode.c.h; path = "UIImageView+WebCache.h"; sourceTree = "<group>"; };
		34C4F83D1B3E3E8100C6215F /* UIImageView+WebCache.m */ = {isa = PBXFileReference; fileEncoding = 4; lastKnownFileType = sourcecode.c.objc; path = "UIImageView+WebCache.m"; sourceTree = "<group>"; };
		34C4F83E1B3E3E8100C6215F /* UIView+WebCacheOperation.h */ = {isa = PBXFileReference; fileEncoding = 4; lastKnownFileType = sourcecode.c.h; path = "UIView+WebCacheOperation.h"; sourceTree = "<group>"; };
		34C4F83F1B3E3E8100C6215F /* UIView+WebCacheOperation.m */ = {isa = PBXFileReference; fileEncoding = 4; lastKnownFileType = sourcecode.c.objc; path = "UIView+WebCacheOperation.m"; sourceTree = "<group>"; };
		34C4F8501B3E425700C6215F /* ImageIO.framework */ = {isa = PBXFileReference; lastKnownFileType = wrapper.framework; name = ImageIO.framework; path = System/Library/Frameworks/ImageIO.framework; sourceTree = SDKROOT; };
		34C4F8521B3E426100C6215F /* MapKit.framework */ = {isa = PBXFileReference; lastKnownFileType = wrapper.framework; name = MapKit.framework; path = System/Library/Frameworks/MapKit.framework; sourceTree = SDKROOT; };
		34C4F8CC1B3E523500C6215F /* PictorialModel.h */ = {isa = PBXFileReference; fileEncoding = 4; lastKnownFileType = sourcecode.c.h; path = PictorialModel.h; sourceTree = "<group>"; };
		34C4F8CD1B3E523500C6215F /* PictorialModel.m */ = {isa = PBXFileReference; fileEncoding = 4; lastKnownFileType = sourcecode.c.objc; path = PictorialModel.m; sourceTree = "<group>"; };
		34C4F8CF1B3E549D00C6215F /* PhotoModel.h */ = {isa = PBXFileReference; fileEncoding = 4; lastKnownFileType = sourcecode.c.h; path = PhotoModel.h; sourceTree = "<group>"; };
		34C4F8D01B3E549D00C6215F /* PhotoModel.m */ = {isa = PBXFileReference; fileEncoding = 4; lastKnownFileType = sourcecode.c.objc; path = PhotoModel.m; sourceTree = "<group>"; };
		34C4F8D21B3E5E7D00C6215F /* PicSecondViewController.h */ = {isa = PBXFileReference; fileEncoding = 4; lastKnownFileType = sourcecode.c.h; path = PicSecondViewController.h; sourceTree = "<group>"; };
		34C4F8D31B3E5E7D00C6215F /* PicSecondViewController.m */ = {isa = PBXFileReference; fileEncoding = 4; lastKnownFileType = sourcecode.c.objc; path = PicSecondViewController.m; sourceTree = "<group>"; };
		34C4F9CD1B3EAD3F00C6215F /* RPSlidingMenuCell.h */ = {isa = PBXFileReference; fileEncoding = 4; lastKnownFileType = sourcecode.c.h; path = RPSlidingMenuCell.h; sourceTree = "<group>"; };
		34C4F9CE1B3EAD3F00C6215F /* RPSlidingMenuCell.m */ = {isa = PBXFileReference; fileEncoding = 4; lastKnownFileType = sourcecode.c.objc; path = RPSlidingMenuCell.m; sourceTree = "<group>"; };
		34C4F9CF1B3EAD3F00C6215F /* RPSlidingMenuLayout.h */ = {isa = PBXFileReference; fileEncoding = 4; lastKnownFileType = sourcecode.c.h; path = RPSlidingMenuLayout.h; sourceTree = "<group>"; };
		34C4F9D01B3EAD3F00C6215F /* RPSlidingMenuLayout.m */ = {isa = PBXFileReference; fileEncoding = 4; lastKnownFileType = sourcecode.c.objc; path = RPSlidingMenuLayout.m; sourceTree = "<group>"; };
		34C5A47C1B4276EB0053DA8D /* TodayDetailViewController.h */ = {isa = PBXFileReference; fileEncoding = 4; lastKnownFileType = sourcecode.c.h; path = TodayDetailViewController.h; sourceTree = "<group>"; };
		34C5A47D1B4276EB0053DA8D /* TodayDetailViewController.m */ = {isa = PBXFileReference; fileEncoding = 4; lastKnownFileType = sourcecode.c.objc; path = TodayDetailViewController.m; sourceTree = "<group>"; };
		34C5A5451B42971B0053DA8D /* MagzaineTableViewCell.h */ = {isa = PBXFileReference; fileEncoding = 4; lastKnownFileType = sourcecode.c.h; path = MagzaineTableViewCell.h; sourceTree = "<group>"; };
		34C5A5461B42971B0053DA8D /* MagzaineTableViewCell.m */ = {isa = PBXFileReference; fileEncoding = 4; lastKnownFileType = sourcecode.c.objc; path = MagzaineTableViewCell.m; sourceTree = "<group>"; };
		34C5A5481B4297340053DA8D /* MagazineModel.h */ = {isa = PBXFileReference; fileEncoding = 4; lastKnownFileType = sourcecode.c.h; path = MagazineModel.h; sourceTree = "<group>"; };
		34C5A5491B4297340053DA8D /* MagazineModel.m */ = {isa = PBXFileReference; fileEncoding = 4; lastKnownFileType = sourcecode.c.objc; path = MagazineModel.m; sourceTree = "<group>"; };
		34CD31021B40F571002E625A /* ThirdModelCell.h */ = {isa = PBXFileReference; fileEncoding = 4; lastKnownFileType = sourcecode.c.h; path = ThirdModelCell.h; sourceTree = "<group>"; };
		34CD31031B40F571002E625A /* ThirdModelCell.m */ = {isa = PBXFileReference; fileEncoding = 4; lastKnownFileType = sourcecode.c.objc; path = ThirdModelCell.m; sourceTree = "<group>"; };
		34CD31051B40F57B002E625A /* ThirdPageModelCell.h */ = {isa = PBXFileReference; fileEncoding = 4; lastKnownFileType = sourcecode.c.h; path = ThirdPageModelCell.h; sourceTree = "<group>"; };
		34CD31061B40F57B002E625A /* ThirdPageModelCell.m */ = {isa = PBXFileReference; fileEncoding = 4; lastKnownFileType = sourcecode.c.objc; path = ThirdPageModelCell.m; sourceTree = "<group>"; };
		34CD31081B40F584002E625A /* DataModel.h */ = {isa = PBXFileReference; fileEncoding = 4; lastKnownFileType = sourcecode.c.h; path = DataModel.h; sourceTree = "<group>"; };
		34CD31091B40F584002E625A /* DataModel.m */ = {isa = PBXFileReference; fileEncoding = 4; lastKnownFileType = sourcecode.c.objc; path = DataModel.m; sourceTree = "<group>"; };
		34CD310B1B40F698002E625A /* MONONextViewController.h */ = {isa = PBXFileReference; fileEncoding = 4; lastKnownFileType = sourcecode.c.h; path = MONONextViewController.h; sourceTree = "<group>"; };
		34CD310C1B40F698002E625A /* MONONextViewController.m */ = {isa = PBXFileReference; fileEncoding = 4; lastKnownFileType = sourcecode.c.objc; path = MONONextViewController.m; sourceTree = "<group>"; };
		34CD310E1B40F70E002E625A /* MBProgressHUD.h */ = {isa = PBXFileReference; fileEncoding = 4; lastKnownFileType = sourcecode.c.h; path = MBProgressHUD.h; sourceTree = "<group>"; };
		34CD310F1B40F70E002E625A /* MBProgressHUD.m */ = {isa = PBXFileReference; fileEncoding = 4; lastKnownFileType = sourcecode.c.objc; path = MBProgressHUD.m; sourceTree = "<group>"; };
		34CD31111B412175002E625A /* ProModel.h */ = {isa = PBXFileReference; fileEncoding = 4; lastKnownFileType = sourcecode.c.h; path = ProModel.h; sourceTree = "<group>"; };
		34CD31121B412175002E625A /* ProModel.m */ = {isa = PBXFileReference; fileEncoding = 4; lastKnownFileType = sourcecode.c.objc; path = ProModel.m; sourceTree = "<group>"; };
		34CD31171B412D88002E625A /* ProCollectionViewCell.h */ = {isa = PBXFileReference; fileEncoding = 4; lastKnownFileType = sourcecode.c.h; path = ProCollectionViewCell.h; sourceTree = "<group>"; };
		34CD31181B412D88002E625A /* ProCollectionViewCell.m */ = {isa = PBXFileReference; fileEncoding = 4; lastKnownFileType = sourcecode.c.objc; path = ProCollectionViewCell.m; sourceTree = "<group>"; };
		34CD311A1B414A68002E625A /* TodayViewController.h */ = {isa = PBXFileReference; fileEncoding = 4; lastKnownFileType = sourcecode.c.h; path = TodayViewController.h; sourceTree = "<group>"; };
		34CD311B1B414A68002E625A /* TodayViewController.m */ = {isa = PBXFileReference; fileEncoding = 4; lastKnownFileType = sourcecode.c.objc; path = TodayViewController.m; sourceTree = "<group>"; };
		34CD311D1B414C5F002E625A /* TodayTableViewCell.h */ = {isa = PBXFileReference; fileEncoding = 4; lastKnownFileType = sourcecode.c.h; path = TodayTableViewCell.h; sourceTree = "<group>"; };
		34CD311E1B414C5F002E625A /* TodayTableViewCell.m */ = {isa = PBXFileReference; fileEncoding = 4; lastKnownFileType = sourcecode.c.objc; path = TodayTableViewCell.m; sourceTree = "<group>"; };
		34CD31201B415F56002E625A /* TodayModel.h */ = {isa = PBXFileReference; fileEncoding = 4; lastKnownFileType = sourcecode.c.h; path = TodayModel.h; sourceTree = "<group>"; };
		34CD31211B415F56002E625A /* TodayModel.m */ = {isa = PBXFileReference; fileEncoding = 4; lastKnownFileType = sourcecode.c.objc; path = TodayModel.m; sourceTree = "<group>"; };
		34E829A61B43973A000468D6 /* ZaoWuZhu1ViewController.h */ = {isa = PBXFileReference; fileEncoding = 4; lastKnownFileType = sourcecode.c.h; path = ZaoWuZhu1ViewController.h; sourceTree = "<group>"; };
		34E829A81B43973A000468D6 /* ZaoWuZhu2ViewController.h */ = {isa = PBXFileReference; fileEncoding = 4; lastKnownFileType = sourcecode.c.h; path = ZaoWuZhu2ViewController.h; sourceTree = "<group>"; };
		34E829A91B43973A000468D6 /* ZaoWuZhu2ViewController.m */ = {isa = PBXFileReference; fileEncoding = 4; lastKnownFileType = sourcecode.c.objc; path = ZaoWuZhu2ViewController.m; sourceTree = "<group>"; };
		34E829AC1B43973A000468D6 /* WeiJueDaShiViewController.h */ = {isa = PBXFileReference; fileEncoding = 4; lastKnownFileType = sourcecode.c.h; path = WeiJueDaShiViewController.h; sourceTree = "<group>"; };
		34E829AD1B43973A000468D6 /* WeiJueDaShiViewController.m */ = {isa = PBXFileReference; fileEncoding = 4; lastKnownFileType = sourcecode.c.objc; path = WeiJueDaShiViewController.m; sourceTree = "<group>"; };
		34E829AE1B43973A000468D6 /* LiangCangViewController.h */ = {isa = PBXFileReference; fileEncoding = 4; lastKnownFileType = sourcecode.c.h; path = LiangCangViewController.h; sourceTree = "<group>"; };
		34E829AF1B43973A000468D6 /* LiangCangViewController.m */ = {isa = PBXFileReference; fileEncoding = 4; lastKnownFileType = sourcecode.c.objc; path = LiangCangViewController.m; sourceTree = "<group>"; };
		34E829B01B43973A000468D6 /* LiangCang1ViewController.h */ = {isa = PBXFileReference; fileEncoding = 4; lastKnownFileType = sourcecode.c.h; path = LiangCang1ViewController.h; sourceTree = "<group>"; };
		34E829B11B43973A000468D6 /* LiangCang1ViewController.m */ = {isa = PBXFileReference; fileEncoding = 4; lastKnownFileType = sourcecode.c.objc; path = LiangCang1ViewController.m; sourceTree = "<group>"; };
		34E829B21B43973A000468D6 /* JianDanViewController.h */ = {isa = PBXFileReference; fileEncoding = 4; lastKnownFileType = sourcecode.c.h; path = JianDanViewController.h; sourceTree = "<group>"; };
		34E829B31B43973A000468D6 /* JianDanViewController.m */ = {isa = PBXFileReference; fileEncoding = 4; lastKnownFileType = sourcecode.c.objc; path = JianDanViewController.m; sourceTree = "<group>"; };
		34E829B41B43973A000468D6 /* Jiandan2ViewController.h */ = {isa = PBXFileReference; fileEncoding = 4; lastKnownFileType = sourcecode.c.h; path = Jiandan2ViewController.h; sourceTree = "<group>"; };
		34E829B51B43973A000468D6 /* Jiandan2ViewController.m */ = {isa = PBXFileReference; fileEncoding = 4; lastKnownFileType = sourcecode.c.objc; path = Jiandan2ViewController.m; sourceTree = "<group>"; };
		34E829B61B43973A000468D6 /* HuaBaoViewController.h */ = {isa = PBXFileReference; fileEncoding = 4; lastKnownFileType = sourcecode.c.h; path = HuaBaoViewController.h; sourceTree = "<group>"; };
		34E829B71B43973A000468D6 /* HuaBaoViewController.m */ = {isa = PBXFileReference; fileEncoding = 4; lastKnownFileType = sourcecode.c.objc; path = HuaBaoViewController.m; sourceTree = "<group>"; };
		34E829B81B43973A000468D6 /* Huabao1ViewController.h */ = {isa = PBXFileReference; fileEncoding = 4; lastKnownFileType = sourcecode.c.h; path = Huabao1ViewController.h; sourceTree = "<group>"; };
		34E829B91B43973A000468D6 /* Huabao1ViewController.m */ = {isa = PBXFileReference; fileEncoding = 4; lastKnownFileType = sourcecode.c.objc; path = Huabao1ViewController.m; sourceTree = "<group>"; };
		34E829BA1B43973A000468D6 /* WangyiViewController.h */ = {isa = PBXFileReference; fileEncoding = 4; lastKnownFileType = sourcecode.c.h; path = WangyiViewController.h; sourceTree = "<group>"; };
		34E829BB1B43973A000468D6 /* WangyiViewController.m */ = {isa = PBXFileReference; fileEncoding = 4; lastKnownFileType = sourcecode.c.objc; path = WangyiViewController.m; sourceTree = "<group>"; };
		34E829BC1B43973A000468D6 /* Wangyi1ViewController.h */ = {isa = PBXFileReference; fileEncoding = 4; lastKnownFileType = sourcecode.c.h; path = Wangyi1ViewController.h; sourceTree = "<group>"; };
		34E829BD1B43973A000468D6 /* Wangyi1ViewController.m */ = {isa = PBXFileReference; fileEncoding = 4; lastKnownFileType = sourcecode.c.objc; path = Wangyi1ViewController.m; sourceTree = "<group>"; };
		34E829BE1B43973A000468D6 /* YingXiangViewController.h */ = {isa = PBXFileReference; fileEncoding = 4; lastKnownFileType = sourcecode.c.h; path = YingXiangViewController.h; sourceTree = "<group>"; };
		34E829BF1B43973A000468D6 /* YingXiangViewController.m */ = {isa = PBXFileReference; fileEncoding = 4; lastKnownFileType = sourcecode.c.objc; path = YingXiangViewController.m; sourceTree = "<group>"; };
		34E829C01B43973A000468D6 /* YingXiang1ViewController.h */ = {isa = PBXFileReference; fileEncoding = 4; lastKnownFileType = sourcecode.c.h; path = YingXiang1ViewController.h; sourceTree = "<group>"; };
		34E829C11B43973A000468D6 /* YingXiang1ViewController.m */ = {isa = PBXFileReference; fileEncoding = 4; lastKnownFileType = sourcecode.c.objc; path = YingXiang1ViewController.m; sourceTree = "<group>"; };
		34E829D01B4399E9000468D6 /* ViceChinaDataModel.h */ = {isa = PBXFileReference; fileEncoding = 4; lastKnownFileType = sourcecode.c.h; path = ViceChinaDataModel.h; sourceTree = "<group>"; };
		34E829D11B4399E9000468D6 /* ViceChinaDataModel.m */ = {isa = PBXFileReference; fileEncoding = 4; lastKnownFileType = sourcecode.c.objc; path = ViceChinaDataModel.m; sourceTree = "<group>"; };
		34E829D21B4399E9000468D6 /* ZaoWuZhuDataModel.h */ = {isa = PBXFileReference; fileEncoding = 4; lastKnownFileType = sourcecode.c.h; path = ZaoWuZhuDataModel.h; sourceTree = "<group>"; };
		34E829D31B4399E9000468D6 /* ZaoWuZhuDataModel.m */ = {isa = PBXFileReference; fileEncoding = 4; lastKnownFileType = sourcecode.c.objc; path = ZaoWuZhuDataModel.m; sourceTree = "<group>"; };
		34E829D41B4399E9000468D6 /* ViceChinaModelCell.h */ = {isa = PBXFileReference; fileEncoding = 4; lastKnownFileType = sourcecode.c.h; path = ViceChinaModelCell.h; sourceTree = "<group>"; };
		34E829D51B4399EA000468D6 /* ViceChinaModelCell.m */ = {isa = PBXFileReference; fileEncoding = 4; lastKnownFileType = sourcecode.c.objc; path = ViceChinaModelCell.m; sourceTree = "<group>"; };
		34E829D61B4399EA000468D6 /* ZaoWuZhuModelCell.h */ = {isa = PBXFileReference; fileEncoding = 4; lastKnownFileType = sourcecode.c.h; path = ZaoWuZhuModelCell.h; sourceTree = "<group>"; };
		34E829D71B4399EA000468D6 /* ZaoWuZhuModelCell.m */ = {isa = PBXFileReference; fileEncoding = 4; lastKnownFileType = sourcecode.c.objc; path = ZaoWuZhuModelCell.m; sourceTree = "<group>"; };
		34E829D81B4399EA000468D6 /* LiangCangDataModel.h */ = {isa = PBXFileReference; fileEncoding = 4; lastKnownFileType = sourcecode.c.h; path = LiangCangDataModel.h; sourceTree = "<group>"; };
		34E829D91B4399EA000468D6 /* LiangCangDataModel.m */ = {isa = PBXFileReference; fileEncoding = 4; lastKnownFileType = sourcecode.c.objc; path = LiangCangDataModel.m; sourceTree = "<group>"; };
		34E829DA1B4399EA000468D6 /* WeiJueDataModel.h */ = {isa = PBXFileReference; fileEncoding = 4; lastKnownFileType = sourcecode.c.h; path = WeiJueDataModel.h; sourceTree = "<group>"; };
		34E829DB1B4399EA000468D6 /* WeiJueDataModel.m */ = {isa = PBXFileReference; fileEncoding = 4; lastKnownFileType = sourcecode.c.objc; path = WeiJueDataModel.m; sourceTree = "<group>"; };
		34E829DC1B4399EA000468D6 /* WeiJueModelCell.h */ = {isa = PBXFileReference; fileEncoding = 4; lastKnownFileType = sourcecode.c.h; path = WeiJueModelCell.h; sourceTree = "<group>"; };
		34E829DD1B4399EA000468D6 /* WeiJueModelCell.m */ = {isa = PBXFileReference; fileEncoding = 4; lastKnownFileType = sourcecode.c.objc; path = WeiJueModelCell.m; sourceTree = "<group>"; };
		34E829DE1B4399EA000468D6 /* JianDanDataModel.h */ = {isa = PBXFileReference; fileEncoding = 4; lastKnownFileType = sourcecode.c.h; path = JianDanDataModel.h; sourceTree = "<group>"; };
		34E829DF1B4399EA000468D6 /* JianDanDataModel.m */ = {isa = PBXFileReference; fileEncoding = 4; lastKnownFileType = sourcecode.c.objc; path = JianDanDataModel.m; sourceTree = "<group>"; };
		34E829E01B4399EA000468D6 /* HuaBaoDataModel.h */ = {isa = PBXFileReference; fileEncoding = 4; lastKnownFileType = sourcecode.c.h; path = HuaBaoDataModel.h; sourceTree = "<group>"; };
		34E829E11B4399EA000468D6 /* HuaBaoDataModel.m */ = {isa = PBXFileReference; fileEncoding = 4; lastKnownFileType = sourcecode.c.objc; path = HuaBaoDataModel.m; sourceTree = "<group>"; };
		34E829EB1B439A5D000468D6 /* ZaoWuZhu1ViewController.m */ = {isa = PBXFileReference; fileEncoding = 4; lastKnownFileType = sourcecode.c.objc; path = ZaoWuZhu1ViewController.m; sourceTree = "<group>"; };
		34E829ED1B439A6E000468D6 /* ViceChinaViewController.h */ = {isa = PBXFileReference; fileEncoding = 4; lastKnownFileType = sourcecode.c.h; path = ViceChinaViewController.h; sourceTree = "<group>"; };
		34E829EE1B439A6E000468D6 /* ViceChinaViewController.m */ = {isa = PBXFileReference; fileEncoding = 4; lastKnownFileType = sourcecode.c.objc; path = ViceChinaViewController.m; sourceTree = "<group>"; };
		81E0BCE71B40364300E5FE6E /* HACollectionViewSmallLayout.h */ = {isa = PBXFileReference; fileEncoding = 4; lastKnownFileType = sourcecode.c.h; path = HACollectionViewSmallLayout.h; sourceTree = "<group>"; };
		81E0BCE81B40364300E5FE6E /* HACollectionViewSmallLayout.m */ = {isa = PBXFileReference; fileEncoding = 4; lastKnownFileType = sourcecode.c.objc; path = HACollectionViewSmallLayout.m; sourceTree = "<group>"; };
		81E0BCE91B40364300E5FE6E /* HACollectionViewLargeLayout.h */ = {isa = PBXFileReference; fileEncoding = 4; lastKnownFileType = sourcecode.c.h; path = HACollectionViewLargeLayout.h; sourceTree = "<group>"; };
		81E0BCEA1B40364300E5FE6E /* HACollectionViewLargeLayout.m */ = {isa = PBXFileReference; fileEncoding = 4; lastKnownFileType = sourcecode.c.objc; path = HACollectionViewLargeLayout.m; sourceTree = "<group>"; };
		81E0BCED1B4037D100E5FE6E /* image2.png */ = {isa = PBXFileReference; lastKnownFileType = image.png; path = image2.png; sourceTree = "<group>"; };
		81E0BCEF1B4037EC00E5FE6E /* image3.png */ = {isa = PBXFileReference; lastKnownFileType = image.png; path = image3.png; sourceTree = "<group>"; };
		81E0BCF11B4037F400E5FE6E /* image1.png */ = {isa = PBXFileReference; lastKnownFileType = image.png; path = image1.png; sourceTree = "<group>"; };
		81E0BCF31B4037FB00E5FE6E /* image4.png */ = {isa = PBXFileReference; lastKnownFileType = image.png; path = image4.png; sourceTree = "<group>"; };
/* End PBXFileReference section */

/* Begin PBXFrameworksBuildPhase section */
		34C43F8C1B3BD7FE00A5D0DB /* Frameworks */ = {
			isa = PBXFrameworksBuildPhase;
			buildActionMask = 2147483647;
			files = (
				34C4F8531B3E426100C6215F /* MapKit.framework in Frameworks */,
				34C4F8511B3E425700C6215F /* ImageIO.framework in Frameworks */,
			);
			runOnlyForDeploymentPostprocessing = 0;
		};
		34C43F9F1B3BD7FE00A5D0DB /* Frameworks */ = {
			isa = PBXFrameworksBuildPhase;
			buildActionMask = 2147483647;
			files = (
			);
			runOnlyForDeploymentPostprocessing = 0;
		};
/* End PBXFrameworksBuildPhase section */

/* Begin PBXGroup section */
		34C43F861B3BD7FE00A5D0DB = {
			isa = PBXGroup;
			children = (
				34C4F8521B3E426100C6215F /* MapKit.framework */,
				34C4F8501B3E425700C6215F /* ImageIO.framework */,
				34C43FD41B3BE2C700A5D0DB /* PrefixHeader.pch */,
				34C43FD51B3BE2FB00A5D0DB /* Function.h */,
				81E0BCEF1B4037EC00E5FE6E /* image3.png */,
				81E0BCF11B4037F400E5FE6E /* image1.png */,
				81E0BCF31B4037FB00E5FE6E /* image4.png */,
				34C43FD61B3BE2FB00A5D0DB /* Function.m */,
				81E0BCED1B4037D100E5FE6E /* image2.png */,
				34C43F911B3BD7FE00A5D0DB /* MONO-A */,
				34C43FA51B3BD7FE00A5D0DB /* MONO-ATests */,
				34C43F901B3BD7FE00A5D0DB /* Products */,
			);
			sourceTree = "<group>";
		};
		34C43F901B3BD7FE00A5D0DB /* Products */ = {
			isa = PBXGroup;
			children = (
				34C43F8F1B3BD7FE00A5D0DB /* MONO-A.app */,
				34C43FA21B3BD7FE00A5D0DB /* MONO-ATests.xctest */,
			);
			name = Products;
			sourceTree = "<group>";
		};
		34C43F911B3BD7FE00A5D0DB /* MONO-A */ = {
			isa = PBXGroup;
			children = (
				34C4F81E1B3E3E8100C6215F /* SDWebImage */,
				34C4400B1B3C339D00A5D0DB /* NetWorkEngine */,
				34C43FB21B3BD84A00A5D0DB /* AppDelegate */,
				34C43FBC1B3BD8B800A5D0DB /* Supporting Files */,
				34C43FBB1B3BD8AD00A5D0DB /* Vendors */,
				34C43FBA1B3BD8A100A5D0DB /* UserInterFace */,
				34C43FB91B3BD89900A5D0DB /* Resources */,
				34C43FB81B3BD89000A5D0DB /* Sections */,
				34C43FB71B3BD88800A5D0DB /* Macro */,
				34C43FB61B3BD88200A5D0DB /* Models */,
				34C43FB51B3BD87C00A5D0DB /* Helpers */,
				34C43FB41B3BD86E00A5D0DB /* General */,
				34C43F9B1B3BD7FE00A5D0DB /* LaunchScreen.xib */,
				34C43FF31B3C247100A5D0DB /* Images.xcassets */,
				34C43F921B3BD7FE00A5D0DB /* Supporting Files */,
			);
			path = "MONO-A";
			sourceTree = "<group>";
		};
		34C43F921B3BD7FE00A5D0DB /* Supporting Files */ = {
			isa = PBXGroup;
			children = (
				34C43F931B3BD7FE00A5D0DB /* Info.plist */,
				34C43F941B3BD7FE00A5D0DB /* main.m */,
			);
			name = "Supporting Files";
			sourceTree = "<group>";
		};
		34C43FA51B3BD7FE00A5D0DB /* MONO-ATests */ = {
			isa = PBXGroup;
			children = (
				34C43FA81B3BD7FE00A5D0DB /* MONO_ATests.m */,
				34C43FA61B3BD7FE00A5D0DB /* Supporting Files */,
			);
			path = "MONO-ATests";
			sourceTree = "<group>";
		};
		34C43FA61B3BD7FE00A5D0DB /* Supporting Files */ = {
			isa = PBXGroup;
			children = (
				34C43FA71B3BD7FE00A5D0DB /* Info.plist */,
			);
			name = "Supporting Files";
			sourceTree = "<group>";
		};
		34C43FB21B3BD84A00A5D0DB /* AppDelegate */ = {
			isa = PBXGroup;
			children = (
				34C43F961B3BD7FE00A5D0DB /* AppDelegate.h */,
				34C43F971B3BD7FE00A5D0DB /* AppDelegate.m */,
			);
			name = AppDelegate;
			sourceTree = "<group>";
		};
		34C43FB41B3BD86E00A5D0DB /* General */ = {
			isa = PBXGroup;
			children = (
			);
			name = General;
			sourceTree = "<group>";
		};
		34C43FB51B3BD87C00A5D0DB /* Helpers */ = {
			isa = PBXGroup;
			children = (
			);
			name = Helpers;
			sourceTree = "<group>";
		};
		34C43FB61B3BD88200A5D0DB /* Models */ = {
			isa = PBXGroup;
			children = (
				34CD31111B412175002E625A /* ProModel.h */,
				34CD31121B412175002E625A /* ProModel.m */,
				34CD31201B415F56002E625A /* TodayModel.h */,
				34CD31211B415F56002E625A /* TodayModel.m */,
				34C440081B3C315200A5D0DB /* TeaModel.h */,
				34C440091B3C315200A5D0DB /* TeaModel.m */,
				34C4F8CC1B3E523500C6215F /* PictorialModel.h */,
				34C4F8CD1B3E523500C6215F /* PictorialModel.m */,
				34C5A5481B4297340053DA8D /* MagazineModel.h */,
				34C5A5491B4297340053DA8D /* MagazineModel.m */,
				34C4F8CF1B3E549D00C6215F /* PhotoModel.h */,
				34C4F8D01B3E549D00C6215F /* PhotoModel.m */,
				34E829D01B4399E9000468D6 /* ViceChinaDataModel.h */,
				34E829D11B4399E9000468D6 /* ViceChinaDataModel.m */,
				34E829D21B4399E9000468D6 /* ZaoWuZhuDataModel.h */,
				34E829D31B4399E9000468D6 /* ZaoWuZhuDataModel.m */,
				34E829D41B4399E9000468D6 /* ViceChinaModelCell.h */,
				34E829D51B4399EA000468D6 /* ViceChinaModelCell.m */,
				34E829D61B4399EA000468D6 /* ZaoWuZhuModelCell.h */,
				34E829D71B4399EA000468D6 /* ZaoWuZhuModelCell.m */,
				34E829D81B4399EA000468D6 /* LiangCangDataModel.h */,
				34E829D91B4399EA000468D6 /* LiangCangDataModel.m */,
				34E829DA1B4399EA000468D6 /* WeiJueDataModel.h */,
				34E829DB1B4399EA000468D6 /* WeiJueDataModel.m */,
				34E829DC1B4399EA000468D6 /* WeiJueModelCell.h */,
				34E829DD1B4399EA000468D6 /* WeiJueModelCell.m */,
				34E829DE1B4399EA000468D6 /* JianDanDataModel.h */,
				34E829DF1B4399EA000468D6 /* JianDanDataModel.m */,
				34E829E01B4399EA000468D6 /* HuaBaoDataModel.h */,
				34E829E11B4399EA000468D6 /* HuaBaoDataModel.m */,
			);
			name = Models;
			sourceTree = "<group>";
		};
		34C43FB71B3BD88800A5D0DB /* Macro */ = {
			isa = PBXGroup;
			children = (
			);
			name = Macro;
			sourceTree = "<group>";
		};
		34C43FB81B3BD89000A5D0DB /* Sections */ = {
			isa = PBXGroup;
			children = (
				34CD31011B40F55C002E625A /* Cell */,
				34C43FBD1B3BD92000A5D0DB /* RootViewController.h */,
				34C43FBE1B3BD92000A5D0DB /* RootViewController.m */,
				34C43FED1B3BF85900A5D0DB /* TeaViewController.h */,
				34C43FEE1B3BF85900A5D0DB /* TeaViewController.m */,
				34C43FD31B3BE24F00A5D0DB /* View */,
				34C43FC01B3BE0B500A5D0DB /* Main */,
			);
			name = Sections;
			sourceTree = "<group>";
		};
		34C43FB91B3BD89900A5D0DB /* Resources */ = {
			isa = PBXGroup;
			children = (
			);
			name = Resources;
			sourceTree = "<group>";
		};
		34C43FBA1B3BD8A100A5D0DB /* UserInterFace */ = {
			isa = PBXGroup;
			children = (
			);
			name = UserInterFace;
			sourceTree = "<group>";
		};
		34C43FBB1B3BD8AD00A5D0DB /* Vendors */ = {
			isa = PBXGroup;
			children = (
				81E0BCE71B40364300E5FE6E /* HACollectionViewSmallLayout.h */,
				81E0BCE81B40364300E5FE6E /* HACollectionViewSmallLayout.m */,
				81E0BCE91B40364300E5FE6E /* HACollectionViewLargeLayout.h */,
				81E0BCEA1B40364300E5FE6E /* HACollectionViewLargeLayout.m */,
				34C4F9CC1B3EAD3F00C6215F /* RPSlidingMenu */,
			);
			name = Vendors;
			sourceTree = "<group>";
		};
		34C43FBC1B3BD8B800A5D0DB /* Supporting Files */ = {
			isa = PBXGroup;
			children = (
			);
			name = "Supporting Files";
			sourceTree = "<group>";
		};
		34C43FC01B3BE0B500A5D0DB /* Main */ = {
			isa = PBXGroup;
			children = (
				34C43FC11B3BE10500A5D0DB /* ProgrammeViewController.h */,
				34C43FC21B3BE10500A5D0DB /* ProgrammeViewController.m */,
				34CD311A1B414A68002E625A /* TodayViewController.h */,
				34CD311B1B414A68002E625A /* TodayViewController.m */,
				34C5A47C1B4276EB0053DA8D /* TodayDetailViewController.h */,
				34C5A47D1B4276EB0053DA8D /* TodayDetailViewController.m */,
				34C43FC41B3BE11300A5D0DB /* MONOViewController.h */,
				34C43FC51B3BE11300A5D0DB /* MONOViewController.m */,
				34CD310B1B40F698002E625A /* MONONextViewController.h */,
				34CD310C1B40F698002E625A /* MONONextViewController.m */,
				34C43FC71B3BE16900A5D0DB /* PictorialViewController.h */,
				34C43FC81B3BE16900A5D0DB /* PictorialViewController.m */,
				34C4F8D21B3E5E7D00C6215F /* PicSecondViewController.h */,
				34C4F8D31B3E5E7D00C6215F /* PicSecondViewController.m */,
				34C43FCA1B3BE18600A5D0DB /* CreatorViewController.h */,
				34C43FCB1B3BE18600A5D0DB /* CreatorViewController.m */,
				34E829A61B43973A000468D6 /* ZaoWuZhu1ViewController.h */,
				34E829EB1B439A5D000468D6 /* ZaoWuZhu1ViewController.m */,
				34E829A81B43973A000468D6 /* ZaoWuZhu2ViewController.h */,
				34E829A91B43973A000468D6 /* ZaoWuZhu2ViewController.m */,
				34E829ED1B439A6E000468D6 /* ViceChinaViewController.h */,
				34E829EE1B439A6E000468D6 /* ViceChinaViewController.m */,
				34E829AC1B43973A000468D6 /* WeiJueDaShiViewController.h */,
				34E829AD1B43973A000468D6 /* WeiJueDaShiViewController.m */,
				34E829AE1B43973A000468D6 /* LiangCangViewController.h */,
				34E829AF1B43973A000468D6 /* LiangCangViewController.m */,
				34E829B01B43973A000468D6 /* LiangCang1ViewController.h */,
				34E829B11B43973A000468D6 /* LiangCang1ViewController.m */,
				34E829B21B43973A000468D6 /* JianDanViewController.h */,
				34E829B31B43973A000468D6 /* JianDanViewController.m */,
				34E829B41B43973A000468D6 /* Jiandan2ViewController.h */,
				34E829B51B43973A000468D6 /* Jiandan2ViewController.m */,
				34E829B61B43973A000468D6 /* HuaBaoViewController.h */,
				34E829B71B43973A000468D6 /* HuaBaoViewController.m */,
				34E829B81B43973A000468D6 /* Huabao1ViewController.h */,
				34E829B91B43973A000468D6 /* Huabao1ViewController.m */,
				34E829BA1B43973A000468D6 /* WangyiViewController.h */,
				34E829BB1B43973A000468D6 /* WangyiViewController.m */,
				34E829BC1B43973A000468D6 /* Wangyi1ViewController.h */,
				34E829BD1B43973A000468D6 /* Wangyi1ViewController.m */,
				34E829BE1B43973A000468D6 /* YingXiangViewController.h */,
				34E829BF1B43973A000468D6 /* YingXiangViewController.m */,
				34E829C01B43973A000468D6 /* YingXiang1ViewController.h */,
				34E829C11B43973A000468D6 /* YingXiang1ViewController.m */,
				34C43FCD1B3BE1C400A5D0DB /* MagazineViewController.h */,
				34C43FCE1B3BE1C400A5D0DB /* MagazineViewController.m */,
				34C43FD01B3BE1E100A5D0DB /* PastViewController.h */,
				34C43FD11B3BE1E100A5D0DB /* PastViewController.m */,
			);
			name = Main;
			sourceTree = "<group>";
		};
		34C43FD31B3BE24F00A5D0DB /* View */ = {
			isa = PBXGroup;
			children = (
				34C43FD81B3BEEAD00A5D0DB /* ProgrammeVIew.h */,
				34C43FD91B3BEEAD00A5D0DB /* ProgrammeVIew.m */,
				34C43FDE1B3BEEEE00A5D0DB /* MONOVIew.h */,
				34C43FDF1B3BEEEE00A5D0DB /* MONOVIew.m */,
				34C43FE11B3BEF0100A5D0DB /* PictorialVIew.h */,
				34C43FE21B3BEF0100A5D0DB /* PictorialVIew.m */,
				34C43FE41B3BEF1300A5D0DB /* CreatorView.h */,
				34C43FE51B3BEF1300A5D0DB /* CreatorView.m */,
				34C43FE71B3BEF2000A5D0DB /* MagazineView.h */,
				34C43FE81B3BEF2000A5D0DB /* MagazineView.m */,
				34C43FEA1B3BEF2800A5D0DB /* PastView.h */,
				34C43FEB1B3BEF2800A5D0DB /* PastView.m */,
				34C43FF01B3BF86A00A5D0DB /* TeaView.h */,
				34C43FF11B3BF86A00A5D0DB /* TeaView.m */,
			);
			name = View;
			sourceTree = "<group>";
		};
		34C4400B1B3C339D00A5D0DB /* NetWorkEngine */ = {
			isa = PBXGroup;
			children = (
				34C4400C1B3C339D00A5D0DB /* NetWorkEngine.h */,
				34C4400D1B3C339D00A5D0DB /* NetWorkEngine.m */,
			);
			path = NetWorkEngine;
			sourceTree = "<group>";
		};
		34C4F81E1B3E3E8100C6215F /* SDWebImage */ = {
			isa = PBXGroup;
			children = (
				34C4F81F1B3E3E8100C6215F /* MKAnnotationView+WebCache.h */,
				34C4F8201B3E3E8100C6215F /* MKAnnotationView+WebCache.m */,
				34C4F8211B3E3E8100C6215F /* NSData+ImageContentType.h */,
				34C4F8221B3E3E8100C6215F /* NSData+ImageContentType.m */,
				34C4F8231B3E3E8100C6215F /* SDImageCache.h */,
				34C4F8241B3E3E8100C6215F /* SDImageCache.m */,
				34C4F8251B3E3E8100C6215F /* SDWebImageCompat.h */,
				34C4F8261B3E3E8100C6215F /* SDWebImageCompat.m */,
				34C4F8271B3E3E8100C6215F /* SDWebImageDecoder.h */,
				34C4F8281B3E3E8100C6215F /* SDWebImageDecoder.m */,
				34C4F8291B3E3E8100C6215F /* SDWebImageDownloader.h */,
				34C4F82A1B3E3E8100C6215F /* SDWebImageDownloader.m */,
				34C4F82B1B3E3E8100C6215F /* SDWebImageDownloaderOperation.h */,
				34C4F82C1B3E3E8100C6215F /* SDWebImageDownloaderOperation.m */,
				34C4F82D1B3E3E8100C6215F /* SDWebImageManager.h */,
				34C4F82E1B3E3E8100C6215F /* SDWebImageManager.m */,
				34C4F82F1B3E3E8100C6215F /* SDWebImageOperation.h */,
				34C4F8301B3E3E8100C6215F /* SDWebImagePrefetcher.h */,
				34C4F8311B3E3E8100C6215F /* SDWebImagePrefetcher.m */,
				34C4F8321B3E3E8100C6215F /* UIButton+WebCache.h */,
				34C4F8331B3E3E8100C6215F /* UIButton+WebCache.m */,
				34C4F8341B3E3E8100C6215F /* UIImage+GIF.h */,
				34C4F8351B3E3E8100C6215F /* UIImage+GIF.m */,
				34C4F8361B3E3E8100C6215F /* UIImage+MultiFormat.h */,
				34C4F8371B3E3E8100C6215F /* UIImage+MultiFormat.m */,
				34C4F8381B3E3E8100C6215F /* UIImage+WebP.h */,
				34C4F8391B3E3E8100C6215F /* UIImage+WebP.m */,
				34C4F83A1B3E3E8100C6215F /* UIImageView+HighlightedWebCache.h */,
				34C4F83B1B3E3E8100C6215F /* UIImageView+HighlightedWebCache.m */,
				34C4F83C1B3E3E8100C6215F /* UIImageView+WebCache.h */,
				34C4F83D1B3E3E8100C6215F /* UIImageView+WebCache.m */,
				34C4F83E1B3E3E8100C6215F /* UIView+WebCacheOperation.h */,
				34C4F83F1B3E3E8100C6215F /* UIView+WebCacheOperation.m */,
			);
			name = SDWebImage;
			path = EGOImageView/SDWebImage;
			sourceTree = "<group>";
		};
		34C4F9CC1B3EAD3F00C6215F /* RPSlidingMenu */ = {
			isa = PBXGroup;
			children = (
				34C4F9CD1B3EAD3F00C6215F /* RPSlidingMenuCell.h */,
				34C4F9CE1B3EAD3F00C6215F /* RPSlidingMenuCell.m */,
				34C4F9CF1B3EAD3F00C6215F /* RPSlidingMenuLayout.h */,
				34C4F9D01B3EAD3F00C6215F /* RPSlidingMenuLayout.m */,
			);
			path = RPSlidingMenu;
			sourceTree = "<group>";
		};
		34CD31011B40F55C002E625A /* Cell */ = {
			isa = PBXGroup;
			children = (
				34CD31081B40F584002E625A /* DataModel.h */,
				34CD31091B40F584002E625A /* DataModel.m */,
				34CD31021B40F571002E625A /* ThirdModelCell.h */,
				34CD31031B40F571002E625A /* ThirdModelCell.m */,
				34CD31051B40F57B002E625A /* ThirdPageModelCell.h */,
				34CD31061B40F57B002E625A /* ThirdPageModelCell.m */,
				34CD310E1B40F70E002E625A /* MBProgressHUD.h */,
				34CD310F1B40F70E002E625A /* MBProgressHUD.m */,
				34CD31171B412D88002E625A /* ProCollectionViewCell.h */,
				34CD31181B412D88002E625A /* ProCollectionViewCell.m */,
				34C43FF51B3C28F000A5D0DB /* TeaTableViewCell.h */,
				34C43FF61B3C28F000A5D0DB /* TeaTableViewCell.m */,
				34CD311D1B414C5F002E625A /* TodayTableViewCell.h */,
				34CD311E1B414C5F002E625A /* TodayTableViewCell.m */,
				34C5A5451B42971B0053DA8D /* MagzaineTableViewCell.h */,
				34C5A5461B42971B0053DA8D /* MagzaineTableViewCell.m */,
			);
			name = Cell;
			sourceTree = "<group>";
		};
/* End PBXGroup section */

/* Begin PBXNativeTarget section */
		34C43F8E1B3BD7FE00A5D0DB /* MONO-A */ = {
			isa = PBXNativeTarget;
			buildConfigurationList = 34C43FAC1B3BD7FE00A5D0DB /* Build configuration list for PBXNativeTarget "MONO-A" */;
			buildPhases = (
				34C43F8B1B3BD7FE00A5D0DB /* Sources */,
				34C43F8C1B3BD7FE00A5D0DB /* Frameworks */,
				34C43F8D1B3BD7FE00A5D0DB /* Resources */,
			);
			buildRules = (
			);
			dependencies = (
			);
			name = "MONO-A";
			productName = "MONO-A";
			productReference = 34C43F8F1B3BD7FE00A5D0DB /* MONO-A.app */;
			productType = "com.apple.product-type.application";
		};
		34C43FA11B3BD7FE00A5D0DB /* MONO-ATests */ = {
			isa = PBXNativeTarget;
			buildConfigurationList = 34C43FAF1B3BD7FE00A5D0DB /* Build configuration list for PBXNativeTarget "MONO-ATests" */;
			buildPhases = (
				34C43F9E1B3BD7FE00A5D0DB /* Sources */,
				34C43F9F1B3BD7FE00A5D0DB /* Frameworks */,
				34C43FA01B3BD7FE00A5D0DB /* Resources */,
			);
			buildRules = (
			);
			dependencies = (
				34C43FA41B3BD7FE00A5D0DB /* PBXTargetDependency */,
			);
			name = "MONO-ATests";
			productName = "MONO-ATests";
			productReference = 34C43FA21B3BD7FE00A5D0DB /* MONO-ATests.xctest */;
			productType = "com.apple.product-type.bundle.unit-test";
		};
/* End PBXNativeTarget section */

/* Begin PBXProject section */
		34C43F871B3BD7FE00A5D0DB /* Project object */ = {
			isa = PBXProject;
			attributes = {
				LastUpgradeCheck = 0610;
				ORGANIZATIONNAME = lanouhn;
				TargetAttributes = {
					34C43F8E1B3BD7FE00A5D0DB = {
						CreatedOnToolsVersion = 6.1;
					};
					34C43FA11B3BD7FE00A5D0DB = {
						CreatedOnToolsVersion = 6.1;
						TestTargetID = 34C43F8E1B3BD7FE00A5D0DB;
					};
				};
			};
			buildConfigurationList = 34C43F8A1B3BD7FE00A5D0DB /* Build configuration list for PBXProject "MONO-A" */;
			compatibilityVersion = "Xcode 3.2";
			developmentRegion = English;
			hasScannedForEncodings = 0;
			knownRegions = (
				en,
				Base,
			);
			mainGroup = 34C43F861B3BD7FE00A5D0DB;
			productRefGroup = 34C43F901B3BD7FE00A5D0DB /* Products */;
			projectDirPath = "";
			projectRoot = "";
			targets = (
				34C43F8E1B3BD7FE00A5D0DB /* MONO-A */,
				34C43FA11B3BD7FE00A5D0DB /* MONO-ATests */,
			);
		};
/* End PBXProject section */

/* Begin PBXResourcesBuildPhase section */
		34C43F8D1B3BD7FE00A5D0DB /* Resources */ = {
			isa = PBXResourcesBuildPhase;
			buildActionMask = 2147483647;
			files = (
				81E0BCF41B4037FB00E5FE6E /* image4.png in Resources */,
				34C43F9D1B3BD7FE00A5D0DB /* LaunchScreen.xib in Resources */,
				81E0BCF21B4037F400E5FE6E /* image1.png in Resources */,
				34C43FF41B3C247100A5D0DB /* Images.xcassets in Resources */,
				81E0BCEE1B4037D100E5FE6E /* image2.png in Resources */,
				81E0BCF01B4037EC00E5FE6E /* image3.png in Resources */,
			);
			runOnlyForDeploymentPostprocessing = 0;
		};
		34C43FA01B3BD7FE00A5D0DB /* Resources */ = {
			isa = PBXResourcesBuildPhase;
			buildActionMask = 2147483647;
			files = (
			);
			runOnlyForDeploymentPostprocessing = 0;
		};
/* End PBXResourcesBuildPhase section */

/* Begin PBXSourcesBuildPhase section */
		34C43F8B1B3BD7FE00A5D0DB /* Sources */ = {
			isa = PBXSourcesBuildPhase;
			buildActionMask = 2147483647;
			files = (
				34C4F8461B3E3E8100C6215F /* SDWebImageDownloaderOperation.m in Sources */,
				34E829E31B4399EA000468D6 /* ZaoWuZhuDataModel.m in Sources */,
				34C4F84C1B3E3E8100C6215F /* UIImage+WebP.m in Sources */,
				34C4F8481B3E3E8100C6215F /* SDWebImagePrefetcher.m in Sources */,
				34E829CD1B43973A000468D6 /* Wangyi1ViewController.m in Sources */,
				34E829E21B4399EA000468D6 /* ViceChinaDataModel.m in Sources */,
				34C43FC91B3BE16900A5D0DB /* PictorialViewController.m in Sources */,
				34E829EA1B4399EA000468D6 /* HuaBaoDataModel.m in Sources */,
				34E829CE1B43973A000468D6 /* YingXiangViewController.m in Sources */,
				34E829CF1B43973A000468D6 /* YingXiang1ViewController.m in Sources */,
				34C4F8421B3E3E8100C6215F /* SDImageCache.m in Sources */,
				34E829C81B43973A000468D6 /* JianDanViewController.m in Sources */,
				34C4F8471B3E3E8100C6215F /* SDWebImageManager.m in Sources */,
				34CD31101B40F70E002E625A /* MBProgressHUD.m in Sources */,
				34CD31041B40F571002E625A /* ThirdModelCell.m in Sources */,
				34C4F8D11B3E549D00C6215F /* PhotoModel.m in Sources */,
				34C5A47E1B4276EB0053DA8D /* TodayDetailViewController.m in Sources */,
				34E829C61B43973A000468D6 /* LiangCangViewController.m in Sources */,
				34C43FE31B3BEF0100A5D0DB /* PictorialVIew.m in Sources */,
				34C43FF71B3C28F000A5D0DB /* TeaTableViewCell.m in Sources */,
				34C4F84F1B3E3E8100C6215F /* UIView+WebCacheOperation.m in Sources */,
				34C4F9D21B3EAD3F00C6215F /* RPSlidingMenuLayout.m in Sources */,
				34C43F981B3BD7FE00A5D0DB /* AppDelegate.m in Sources */,
				34C4F8431B3E3E8100C6215F /* SDWebImageCompat.m in Sources */,
				34C43FE61B3BEF1300A5D0DB /* CreatorView.m in Sources */,
				34C5A5471B42971B0053DA8D /* MagzaineTableViewCell.m in Sources */,
				34E829E41B4399EA000468D6 /* ViceChinaModelCell.m in Sources */,
				34E829C71B43973A000468D6 /* LiangCang1ViewController.m in Sources */,
				34E829E91B4399EA000468D6 /* JianDanDataModel.m in Sources */,
				34CD310A1B40F584002E625A /* DataModel.m in Sources */,
				34CD31221B415F56002E625A /* TodayModel.m in Sources */,
				34C4F8441B3E3E8100C6215F /* SDWebImageDecoder.m in Sources */,
				34C43FC31B3BE10500A5D0DB /* ProgrammeViewController.m in Sources */,
				34C43FDA1B3BEEAD00A5D0DB /* ProgrammeVIew.m in Sources */,
				34CD31191B412D88002E625A /* ProCollectionViewCell.m in Sources */,
				34E829E61B4399EA000468D6 /* LiangCangDataModel.m in Sources */,
				34C43FCC1B3BE18600A5D0DB /* CreatorViewController.m in Sources */,
				34E829E71B4399EA000468D6 /* WeiJueDataModel.m in Sources */,
				34C4F84D1B3E3E8100C6215F /* UIImageView+HighlightedWebCache.m in Sources */,
				34E829C51B43973A000468D6 /* WeiJueDaShiViewController.m in Sources */,
				34C43F951B3BD7FE00A5D0DB /* main.m in Sources */,
				34C4F8CE1B3E523500C6215F /* PictorialModel.m in Sources */,
				34C4400A1B3C315200A5D0DB /* TeaModel.m in Sources */,
				34CD311F1B414C5F002E625A /* TodayTableViewCell.m in Sources */,
				34E829CB1B43973A000468D6 /* Huabao1ViewController.m in Sources */,
				34E829EF1B439A6E000468D6 /* ViceChinaViewController.m in Sources */,
				34CD31131B412175002E625A /* ProModel.m in Sources */,
				34C43FEC1B3BEF2800A5D0DB /* PastView.m in Sources */,
				34CD31071B40F57B002E625A /* ThirdPageModelCell.m in Sources */,
				34CD310D1B40F698002E625A /* MONONextViewController.m in Sources */,
				34E829E81B4399EA000468D6 /* WeiJueModelCell.m in Sources */,
				34C4F8D41B3E5E7D00C6215F /* PicSecondViewController.m in Sources */,
				34C5A54A1B4297340053DA8D /* MagazineModel.m in Sources */,
				34C43FEF1B3BF85900A5D0DB /* TeaViewController.m in Sources */,
				34E829CC1B43973A000468D6 /* WangyiViewController.m in Sources */,
				34C4F84B1B3E3E8100C6215F /* UIImage+MultiFormat.m in Sources */,
				34C43FD21B3BE1E100A5D0DB /* PastViewController.m in Sources */,
				34C4F8401B3E3E8100C6215F /* MKAnnotationView+WebCache.m in Sources */,
				34C4F8411B3E3E8100C6215F /* NSData+ImageContentType.m in Sources */,
				34C4F8491B3E3E8100C6215F /* UIButton+WebCache.m in Sources */,
				34C4F84E1B3E3E8100C6215F /* UIImageView+WebCache.m in Sources */,
				34C43FBF1B3BD92000A5D0DB /* RootViewController.m in Sources */,
				34C43FCF1B3BE1C400A5D0DB /* MagazineViewController.m in Sources */,
				34CD311C1B414A68002E625A /* TodayViewController.m in Sources */,
				34C4F9D11B3EAD3F00C6215F /* RPSlidingMenuCell.m in Sources */,
				34C4F84A1B3E3E8100C6215F /* UIImage+GIF.m in Sources */,
				34E829C91B43973A000468D6 /* Jiandan2ViewController.m in Sources */,
				34E829C31B43973A000468D6 /* ZaoWuZhu2ViewController.m in Sources */,
				34E829EC1B439A5D000468D6 /* ZaoWuZhu1ViewController.m in Sources */,
				34C4F8451B3E3E8100C6215F /* SDWebImageDownloader.m in Sources */,
				34C43FE91B3BEF2000A5D0DB /* MagazineView.m in Sources */,
				34C43FE01B3BEEEE00A5D0DB /* MONOVIew.m in Sources */,
				34C4400E1B3C339D00A5D0DB /* NetWorkEngine.m in Sources */,
				34E829CA1B43973A000468D6 /* HuaBaoViewController.m in Sources */,
				34E829E51B4399EA000468D6 /* ZaoWuZhuModelCell.m in Sources */,
				81E0BCEB1B40364300E5FE6E /* HACollectionViewSmallLayout.m in Sources */,
				34C43FF21B3BF86A00A5D0DB /* TeaView.m in Sources */,
				81E0BCEC1B40364300E5FE6E /* HACollectionViewLargeLayout.m in Sources */,
				34C43FC61B3BE11300A5D0DB /* MONOViewController.m in Sources */,
				34C43FD71B3BE2FB00A5D0DB /* Function.m in Sources */,
			);
			runOnlyForDeploymentPostprocessing = 0;
		};
		34C43F9E1B3BD7FE00A5D0DB /* Sources */ = {
			isa = PBXSourcesBuildPhase;
			buildActionMask = 2147483647;
			files = (
				34C43FA91B3BD7FE00A5D0DB /* MONO_ATests.m in Sources */,
			);
			runOnlyForDeploymentPostprocessing = 0;
		};
/* End PBXSourcesBuildPhase section */

/* Begin PBXTargetDependency section */
		34C43FA41B3BD7FE00A5D0DB /* PBXTargetDependency */ = {
			isa = PBXTargetDependency;
			target = 34C43F8E1B3BD7FE00A5D0DB /* MONO-A */;
			targetProxy = 34C43FA31B3BD7FE00A5D0DB /* PBXContainerItemProxy */;
		};
/* End PBXTargetDependency section */

/* Begin PBXVariantGroup section */
		34C43F9B1B3BD7FE00A5D0DB /* LaunchScreen.xib */ = {
			isa = PBXVariantGroup;
			children = (
				34C43F9C1B3BD7FE00A5D0DB /* Base */,
			);
			name = LaunchScreen.xib;
			sourceTree = "<group>";
		};
/* End PBXVariantGroup section */

/* Begin XCBuildConfiguration section */
		34C43FAA1B3BD7FE00A5D0DB /* Debug */ = {
			isa = XCBuildConfiguration;
			buildSettings = {
				ALWAYS_SEARCH_USER_PATHS = NO;
				CLANG_CXX_LANGUAGE_STANDARD = "gnu++0x";
				CLANG_CXX_LIBRARY = "libc++";
				CLANG_ENABLE_MODULES = YES;
				CLANG_ENABLE_OBJC_ARC = YES;
				CLANG_WARN_BOOL_CONVERSION = YES;
				CLANG_WARN_CONSTANT_CONVERSION = YES;
				CLANG_WARN_DIRECT_OBJC_ISA_USAGE = YES_ERROR;
				CLANG_WARN_EMPTY_BODY = YES;
				CLANG_WARN_ENUM_CONVERSION = YES;
				CLANG_WARN_INT_CONVERSION = YES;
				CLANG_WARN_OBJC_ROOT_CLASS = YES_ERROR;
				CLANG_WARN_UNREACHABLE_CODE = YES;
				CLANG_WARN__DUPLICATE_METHOD_MATCH = YES;
				"CODE_SIGN_IDENTITY[sdk=iphoneos*]" = "iPhone Developer";
				COPY_PHASE_STRIP = NO;
				ENABLE_STRICT_OBJC_MSGSEND = YES;
				GCC_C_LANGUAGE_STANDARD = gnu99;
				GCC_DYNAMIC_NO_PIC = NO;
				GCC_OPTIMIZATION_LEVEL = 0;
				GCC_PREPROCESSOR_DEFINITIONS = (
					"DEBUG=1",
					"$(inherited)",
				);
				GCC_SYMBOLS_PRIVATE_EXTERN = NO;
				GCC_WARN_64_TO_32_BIT_CONVERSION = YES;
				GCC_WARN_ABOUT_RETURN_TYPE = YES_ERROR;
				GCC_WARN_UNDECLARED_SELECTOR = YES;
				GCC_WARN_UNINITIALIZED_AUTOS = YES_AGGRESSIVE;
				GCC_WARN_UNUSED_FUNCTION = YES;
				GCC_WARN_UNUSED_VARIABLE = YES;
				IPHONEOS_DEPLOYMENT_TARGET = 8.1;
				MTL_ENABLE_DEBUG_INFO = YES;
				ONLY_ACTIVE_ARCH = YES;
				SDKROOT = iphoneos;
				TARGETED_DEVICE_FAMILY = "1,2";
			};
			name = Debug;
		};
		34C43FAB1B3BD7FE00A5D0DB /* Release */ = {
			isa = XCBuildConfiguration;
			buildSettings = {
				ALWAYS_SEARCH_USER_PATHS = NO;
				CLANG_CXX_LANGUAGE_STANDARD = "gnu++0x";
				CLANG_CXX_LIBRARY = "libc++";
				CLANG_ENABLE_MODULES = YES;
				CLANG_ENABLE_OBJC_ARC = YES;
				CLANG_WARN_BOOL_CONVERSION = YES;
				CLANG_WARN_CONSTANT_CONVERSION = YES;
				CLANG_WARN_DIRECT_OBJC_ISA_USAGE = YES_ERROR;
				CLANG_WARN_EMPTY_BODY = YES;
				CLANG_WARN_ENUM_CONVERSION = YES;
				CLANG_WARN_INT_CONVERSION = YES;
				CLANG_WARN_OBJC_ROOT_CLASS = YES_ERROR;
				CLANG_WARN_UNREACHABLE_CODE = YES;
				CLANG_WARN__DUPLICATE_METHOD_MATCH = YES;
				"CODE_SIGN_IDENTITY[sdk=iphoneos*]" = "iPhone Developer";
				COPY_PHASE_STRIP = YES;
				ENABLE_NS_ASSERTIONS = NO;
				ENABLE_STRICT_OBJC_MSGSEND = YES;
				GCC_C_LANGUAGE_STANDARD = gnu99;
				GCC_WARN_64_TO_32_BIT_CONVERSION = YES;
				GCC_WARN_ABOUT_RETURN_TYPE = YES_ERROR;
				GCC_WARN_UNDECLARED_SELECTOR = YES;
				GCC_WARN_UNINITIALIZED_AUTOS = YES_AGGRESSIVE;
				GCC_WARN_UNUSED_FUNCTION = YES;
				GCC_WARN_UNUSED_VARIABLE = YES;
				IPHONEOS_DEPLOYMENT_TARGET = 8.1;
				MTL_ENABLE_DEBUG_INFO = NO;
				SDKROOT = iphoneos;
				TARGETED_DEVICE_FAMILY = "1,2";
				VALIDATE_PRODUCT = YES;
			};
			name = Release;
		};
		34C43FAD1B3BD7FE00A5D0DB /* Debug */ = {
			isa = XCBuildConfiguration;
			buildSettings = {
				ASSETCATALOG_COMPILER_APPICON_NAME = AppIcon;
				CLANG_ENABLE_OBJC_ARC = NO;
				GCC_PREFIX_HEADER = "$(SRCROOT)/PrefixHeader.pch";
				INFOPLIST_FILE = "MONO-A/Info.plist";
				LD_RUNPATH_SEARCH_PATHS = "$(inherited) @executable_path/Frameworks";
				PRODUCT_NAME = "$(TARGET_NAME)";
			};
			name = Debug;
		};
		34C43FAE1B3BD7FE00A5D0DB /* Release */ = {
			isa = XCBuildConfiguration;
			buildSettings = {
				ASSETCATALOG_COMPILER_APPICON_NAME = AppIcon;
				CLANG_ENABLE_OBJC_ARC = NO;
				GCC_PREFIX_HEADER = "$(SRCROOT)/PrefixHeader.pch";
				INFOPLIST_FILE = "MONO-A/Info.plist";
				LD_RUNPATH_SEARCH_PATHS = "$(inherited) @executable_path/Frameworks";
				PRODUCT_NAME = "$(TARGET_NAME)";
			};
			name = Release;
		};
		34C43FB01B3BD7FE00A5D0DB /* Debug */ = {
			isa = XCBuildConfiguration;
			buildSettings = {
				BUNDLE_LOADER = "$(TEST_HOST)";
				FRAMEWORK_SEARCH_PATHS = (
					"$(SDKROOT)/Developer/Library/Frameworks",
					"$(inherited)",
				);
				GCC_PREPROCESSOR_DEFINITIONS = (
					"DEBUG=1",
					"$(inherited)",
				);
				INFOPLIST_FILE = "MONO-ATests/Info.plist";
				LD_RUNPATH_SEARCH_PATHS = "$(inherited) @executable_path/Frameworks @loader_path/Frameworks";
				PRODUCT_NAME = "$(TARGET_NAME)";
				TEST_HOST = "$(BUILT_PRODUCTS_DIR)/MONO-A.app/MONO-A";
			};
			name = Debug;
		};
		34C43FB11B3BD7FE00A5D0DB /* Release */ = {
			isa = XCBuildConfiguration;
			buildSettings = {
				BUNDLE_LOADER = "$(TEST_HOST)";
				FRAMEWORK_SEARCH_PATHS = (
					"$(SDKROOT)/Developer/Library/Frameworks",
					"$(inherited)",
				);
				INFOPLIST_FILE = "MONO-ATests/Info.plist";
				LD_RUNPATH_SEARCH_PATHS = "$(inherited) @executable_path/Frameworks @loader_path/Frameworks";
				PRODUCT_NAME = "$(TARGET_NAME)";
				TEST_HOST = "$(BUILT_PRODUCTS_DIR)/MONO-A.app/MONO-A";
			};
			name = Release;
		};
/* End XCBuildConfiguration section */

/* Begin XCConfigurationList section */
		34C43F8A1B3BD7FE00A5D0DB /* Build configuration list for PBXProject "MONO-A" */ = {
			isa = XCConfigurationList;
			buildConfigurations = (
				34C43FAA1B3BD7FE00A5D0DB /* Debug */,
				34C43FAB1B3BD7FE00A5D0DB /* Release */,
			);
			defaultConfigurationIsVisible = 0;
			defaultConfigurationName = Release;
		};
		34C43FAC1B3BD7FE00A5D0DB /* Build configuration list for PBXNativeTarget "MONO-A" */ = {
			isa = XCConfigurationList;
			buildConfigurations = (
				34C43FAD1B3BD7FE00A5D0DB /* Debug */,
				34C43FAE1B3BD7FE00A5D0DB /* Release */,
			);
			defaultConfigurationIsVisible = 0;
			defaultConfigurationName = Release;
		};
		34C43FAF1B3BD7FE00A5D0DB /* Build configuration list for PBXNativeTarget "MONO-ATests" */ = {
			isa = XCConfigurationList;
			buildConfigurations = (
				34C43FB01B3BD7FE00A5D0DB /* Debug */,
				34C43FB11B3BD7FE00A5D0DB /* Release */,
			);
			defaultConfigurationIsVisible = 0;
			defaultConfigurationName = Release;
		};
/* End XCConfigurationList section */
	};
	rootObject = 34C43F871B3BD7FE00A5D0DB /* Project object */;
}
